// !$*UTF8*$!
{
	archiveVersion = 1;
	classes = {
	};
	objectVersion = 77;
	objects = {

/* Begin PBXBuildFile section */
		D73B13A22D0876E900939E68 /* ContentBlockerConverter in Frameworks */ = {isa = PBXBuildFile; productRef = D73B13A12D0876E900939E68 /* ContentBlockerConverter */; };
		D73B13A72D08888C00939E68 /* README.md in Resources */ = {isa = PBXBuildFile; fileRef = D73B13A62D08888900939E68 /* README.md */; };
		D7BB67992D084C1100B8A793 /* Cocoa.framework in Frameworks */ = {isa = PBXBuildFile; fileRef = D7BB67982D084C1100B8A793 /* Cocoa.framework */; };
		D7BB67A32D084C1100B8A793 /* content-blocker.appex in Embed Foundation Extensions */ = {isa = PBXBuildFile; fileRef = D7BB67962D084C1100B8A793 /* content-blocker.appex */; settings = {ATTRIBUTES = (RemoveHeadersOnCopy, ); }; };
/* End PBXBuildFile section */

/* Begin PBXContainerItemProxy section */
		D7BB67A12D084C1100B8A793 /* PBXContainerItemProxy */ = {
			isa = PBXContainerItemProxy;
			containerPortal = D768F59F2D084B7F007F39D5 /* Project object */;
			proxyType = 1;
			remoteGlobalIDString = D7BB67952D084C1100B8A793;
			remoteInfo = "content-blocker";
		};
/* End PBXContainerItemProxy section */

/* Begin PBXCopyFilesBuildPhase section */
		D7BB67A82D084C1100B8A793 /* Embed Foundation Extensions */ = {
			isa = PBXCopyFilesBuildPhase;
			buildActionMask = 2147483647;
			dstPath = "";
			dstSubfolderSpec = 13;
			files = (
				D7BB67A32D084C1100B8A793 /* content-blocker.appex in Embed Foundation Extensions */,
			);
			name = "Embed Foundation Extensions";
			runOnlyForDeploymentPostprocessing = 0;
		};
/* End PBXCopyFilesBuildPhase section */

/* Begin PBXFileReference section */
		D73B13A62D08888900939E68 /* README.md */ = {isa = PBXFileReference; lastKnownFileType = net.daringfireball.markdown; path = README.md; sourceTree = "<group>"; };
		D768F5A72D084B7F007F39D5 /* safari-blocker.app */ = {isa = PBXFileReference; explicitFileType = wrapper.application; includeInIndex = 0; path = "safari-blocker.app"; sourceTree = BUILT_PRODUCTS_DIR; };
		D7BB67962D084C1100B8A793 /* content-blocker.appex */ = {isa = PBXFileReference; explicitFileType = "wrapper.app-extension"; includeInIndex = 0; path = "content-blocker.appex"; sourceTree = BUILT_PRODUCTS_DIR; };
		D7BB67982D084C1100B8A793 /* Cocoa.framework */ = {isa = PBXFileReference; lastKnownFileType = wrapper.framework; name = Cocoa.framework; path = System/Library/Frameworks/Cocoa.framework; sourceTree = SDKROOT; };
/* End PBXFileReference section */

/* Begin PBXFileSystemSynchronizedBuildFileExceptionSet section */
		D7BB67A42D084C1100B8A793 /* Exceptions for "content-blocker" folder in "content-blocker" target */ = {
			isa = PBXFileSystemSynchronizedBuildFileExceptionSet;
			membershipExceptions = (
				Info.plist,
			);
			target = D7BB67952D084C1100B8A793 /* content-blocker */;
		};
/* End PBXFileSystemSynchronizedBuildFileExceptionSet section */

/* Begin PBXFileSystemSynchronizedRootGroup section */
		D73B138E2D086D1400939E68 /* filters */ = {
			isa = PBXFileSystemSynchronizedRootGroup;
			path = filters;
			sourceTree = "<group>";
		};
		D768F5A92D084B7F007F39D5 /* safari-blocker */ = {
			isa = PBXFileSystemSynchronizedRootGroup;
			path = "safari-blocker";
			sourceTree = "<group>";
		};
		D7BB679A2D084C1100B8A793 /* content-blocker */ = {
			isa = PBXFileSystemSynchronizedRootGroup;
			exceptions = (
				D7BB67A42D084C1100B8A793 /* Exceptions for "content-blocker" folder in "content-blocker" target */,
			);
			path = "content-blocker";
			sourceTree = "<group>";
		};
/* End PBXFileSystemSynchronizedRootGroup section */

/* Begin PBXFrameworksBuildPhase section */
		D768F5A42D084B7F007F39D5 /* Frameworks */ = {
			isa = PBXFrameworksBuildPhase;
			buildActionMask = 2147483647;
			files = (
				D73B13A22D0876E900939E68 /* ContentBlockerConverter in Frameworks */,
			);
			runOnlyForDeploymentPostprocessing = 0;
		};
		D7BB67932D084C1100B8A793 /* Frameworks */ = {
			isa = PBXFrameworksBuildPhase;
			buildActionMask = 2147483647;
			files = (
				D7BB67992D084C1100B8A793 /* Cocoa.framework in Frameworks */,
			);
			runOnlyForDeploymentPostprocessing = 0;
		};
/* End PBXFrameworksBuildPhase section */

/* Begin PBXGroup section */
		D768F59E2D084B7F007F39D5 = {
			isa = PBXGroup;
			children = (
				D73B13A62D08888900939E68 /* README.md */,
				D73B138E2D086D1400939E68 /* filters */,
				D768F5A92D084B7F007F39D5 /* safari-blocker */,
				D7BB679A2D084C1100B8A793 /* content-blocker */,
				D7BB67972D084C1100B8A793 /* Frameworks */,
				D768F5A82D084B7F007F39D5 /* Products */,
			);
			sourceTree = "<group>";
		};
		D768F5A82D084B7F007F39D5 /* Products */ = {
			isa = PBXGroup;
			children = (
				D768F5A72D084B7F007F39D5 /* safari-blocker.app */,
				D7BB67962D084C1100B8A793 /* content-blocker.appex */,
			);
			name = Products;
			sourceTree = "<group>";
		};
		D7BB67972D084C1100B8A793 /* Frameworks */ = {
			isa = PBXGroup;
			children = (
				D7BB67982D084C1100B8A793 /* Cocoa.framework */,
			);
			name = Frameworks;
			sourceTree = "<group>";
		};
/* End PBXGroup section */

/* Begin PBXNativeTarget section */
		D768F5A62D084B7F007F39D5 /* safari-blocker */ = {
			isa = PBXNativeTarget;
			buildConfigurationList = D768F5CC2D084B80007F39D5 /* Build configuration list for PBXNativeTarget "safari-blocker" */;
			buildPhases = (
				D768F5A32D084B7F007F39D5 /* Sources */,
				D768F5A42D084B7F007F39D5 /* Frameworks */,
				D768F5A52D084B7F007F39D5 /* Resources */,
				D7BB67A82D084C1100B8A793 /* Embed Foundation Extensions */,
			);
			buildRules = (
			);
			dependencies = (
				D7BB67A22D084C1100B8A793 /* PBXTargetDependency */,
			);
			fileSystemSynchronizedGroups = (
				D73B138E2D086D1400939E68 /* filters */,
				D768F5A92D084B7F007F39D5 /* safari-blocker */,
			);
			name = "safari-blocker";
			packageProductDependencies = (
				D73B13A12D0876E900939E68 /* ContentBlockerConverter */,
			);
			productName = "safari-blocker";
			productReference = D768F5A72D084B7F007F39D5 /* safari-blocker.app */;
			productType = "com.apple.product-type.application";
		};
		D7BB67952D084C1100B8A793 /* content-blocker */ = {
			isa = PBXNativeTarget;
			buildConfigurationList = D7BB67A52D084C1100B8A793 /* Build configuration list for PBXNativeTarget "content-blocker" */;
			buildPhases = (
				D7BB67922D084C1100B8A793 /* Sources */,
				D7BB67932D084C1100B8A793 /* Frameworks */,
				D7BB67942D084C1100B8A793 /* Resources */,
			);
			buildRules = (
			);
			dependencies = (
			);
			fileSystemSynchronizedGroups = (
				D7BB679A2D084C1100B8A793 /* content-blocker */,
			);
			name = "content-blocker";
			packageProductDependencies = (
			);
			productName = "content-blocker";
			productReference = D7BB67962D084C1100B8A793 /* content-blocker.appex */;
			productType = "com.apple.product-type.app-extension";
		};
/* End PBXNativeTarget section */

/* Begin PBXProject section */
		D768F59F2D084B7F007F39D5 /* Project object */ = {
			isa = PBXProject;
			attributes = {
				BuildIndependentTargetsInParallel = 1;
				LastSwiftUpdateCheck = 1600;
				LastUpgradeCheck = 1600;
				TargetAttributes = {
					D768F5A62D084B7F007F39D5 = {
						CreatedOnToolsVersion = 16.0;
					};
					D7BB67952D084C1100B8A793 = {
						CreatedOnToolsVersion = 16.0;
					};
				};
			};
			buildConfigurationList = D768F5A22D084B7F007F39D5 /* Build configuration list for PBXProject "safari-blocker" */;
			developmentRegion = en;
			hasScannedForEncodings = 0;
			knownRegions = (
				en,
				Base,
			);
			mainGroup = D768F59E2D084B7F007F39D5;
			minimizedProjectReferenceProxies = 1;
			packageReferences = (
				D73B13A02D0876E900939E68 /* XCRemoteSwiftPackageReference "safari-converter" */,
			);
			preferredProjectObjectVersion = 77;
			productRefGroup = D768F5A82D084B7F007F39D5 /* Products */;
			projectDirPath = "";
			projectRoot = "";
			targets = (
				D768F5A62D084B7F007F39D5 /* safari-blocker */,
				D7BB67952D084C1100B8A793 /* content-blocker */,
			);
		};
/* End PBXProject section */

/* Begin PBXResourcesBuildPhase section */
		D768F5A52D084B7F007F39D5 /* Resources */ = {
			isa = PBXResourcesBuildPhase;
			buildActionMask = 2147483647;
			files = (
				D73B13A72D08888C00939E68 /* README.md in Resources */,
			);
			runOnlyForDeploymentPostprocessing = 0;
		};
		D7BB67942D084C1100B8A793 /* Resources */ = {
			isa = PBXResourcesBuildPhase;
			buildActionMask = 2147483647;
			files = (
			);
			runOnlyForDeploymentPostprocessing = 0;
		};
/* End PBXResourcesBuildPhase section */

/* Begin PBXSourcesBuildPhase section */
		D768F5A32D084B7F007F39D5 /* Sources */ = {
			isa = PBXSourcesBuildPhase;
			buildActionMask = 2147483647;
			files = (
			);
			runOnlyForDeploymentPostprocessing = 0;
		};
		D7BB67922D084C1100B8A793 /* Sources */ = {
			isa = PBXSourcesBuildPhase;
			buildActionMask = 2147483647;
			files = (
			);
			runOnlyForDeploymentPostprocessing = 0;
		};
/* End PBXSourcesBuildPhase section */

/* Begin PBXTargetDependency section */
		D7BB67A22D084C1100B8A793 /* PBXTargetDependency */ = {
			isa = PBXTargetDependency;
			target = D7BB67952D084C1100B8A793 /* content-blocker */;
			targetProxy = D7BB67A12D084C1100B8A793 /* PBXContainerItemProxy */;
		};
/* End PBXTargetDependency section */

/* Begin XCBuildConfiguration section */
		D768F5CA2D084B80007F39D5 /* Debug */ = {
			isa = XCBuildConfiguration;
			buildSettings = {
				ALWAYS_SEARCH_USER_PATHS = NO;
				ASSETCATALOG_COMPILER_GENERATE_SWIFT_ASSET_SYMBOL_EXTENSIONS = YES;
				CLANG_ANALYZER_NONNULL = YES;
				CLANG_ANALYZER_NUMBER_OBJECT_CONVERSION = YES_AGGRESSIVE;
				CLANG_CXX_LANGUAGE_STANDARD = "gnu++20";
				CLANG_ENABLE_MODULES = YES;
				CLANG_ENABLE_OBJC_ARC = YES;
				CLANG_ENABLE_OBJC_WEAK = YES;
				CLANG_WARN_BLOCK_CAPTURE_AUTORELEASING = YES;
				CLANG_WARN_BOOL_CONVERSION = YES;
				CLANG_WARN_COMMA = YES;
				CLANG_WARN_CONSTANT_CONVERSION = YES;
				CLANG_WARN_DEPRECATED_OBJC_IMPLEMENTATIONS = YES;
				CLANG_WARN_DIRECT_OBJC_ISA_USAGE = YES_ERROR;
				CLANG_WARN_DOCUMENTATION_COMMENTS = YES;
				CLANG_WARN_EMPTY_BODY = YES;
				CLANG_WARN_ENUM_CONVERSION = YES;
				CLANG_WARN_INFINITE_RECURSION = YES;
				CLANG_WARN_INT_CONVERSION = YES;
				CLANG_WARN_NON_LITERAL_NULL_CONVERSION = YES;
				CLANG_WARN_OBJC_IMPLICIT_RETAIN_SELF = YES;
				CLANG_WARN_OBJC_LITERAL_CONVERSION = YES;
				CLANG_WARN_OBJC_ROOT_CLASS = YES_ERROR;
				CLANG_WARN_QUOTED_INCLUDE_IN_FRAMEWORK_HEADER = YES;
				CLANG_WARN_RANGE_LOOP_ANALYSIS = YES;
				CLANG_WARN_STRICT_PROTOTYPES = YES;
				CLANG_WARN_SUSPICIOUS_MOVE = YES;
				CLANG_WARN_UNGUARDED_AVAILABILITY = YES_AGGRESSIVE;
				CLANG_WARN_UNREACHABLE_CODE = YES;
				CLANG_WARN__DUPLICATE_METHOD_MATCH = YES;
				COPY_PHASE_STRIP = NO;
				DEBUG_INFORMATION_FORMAT = dwarf;
				ENABLE_STRICT_OBJC_MSGSEND = YES;
				ENABLE_TESTABILITY = YES;
				ENABLE_USER_SCRIPT_SANDBOXING = YES;
				GCC_C_LANGUAGE_STANDARD = gnu17;
				GCC_DYNAMIC_NO_PIC = NO;
				GCC_NO_COMMON_BLOCKS = YES;
				GCC_OPTIMIZATION_LEVEL = 0;
				GCC_PREPROCESSOR_DEFINITIONS = (
					"DEBUG=1",
					"$(inherited)",
				);
				GCC_WARN_64_TO_32_BIT_CONVERSION = YES;
				GCC_WARN_ABOUT_RETURN_TYPE = YES_ERROR;
				GCC_WARN_UNDECLARED_SELECTOR = YES;
				GCC_WARN_UNINITIALIZED_AUTOS = YES_AGGRESSIVE;
				GCC_WARN_UNUSED_FUNCTION = YES;
				GCC_WARN_UNUSED_VARIABLE = YES;
				LOCALIZATION_PREFERS_STRING_CATALOGS = YES;
				MACOSX_DEPLOYMENT_TARGET = 15.0;
				MTL_ENABLE_DEBUG_INFO = INCLUDE_SOURCE;
				MTL_FAST_MATH = YES;
				ONLY_ACTIVE_ARCH = YES;
				SDKROOT = macosx;
				SWIFT_ACTIVE_COMPILATION_CONDITIONS = "DEBUG $(inherited)";
				SWIFT_OPTIMIZATION_LEVEL = "-Onone";
			};
			name = Debug;
		};
		D768F5CB2D084B80007F39D5 /* Release */ = {
			isa = XCBuildConfiguration;
			buildSettings = {
				ALWAYS_SEARCH_USER_PATHS = NO;
				ASSETCATALOG_COMPILER_GENERATE_SWIFT_ASSET_SYMBOL_EXTENSIONS = YES;
				CLANG_ANALYZER_NONNULL = YES;
				CLANG_ANALYZER_NUMBER_OBJECT_CONVERSION = YES_AGGRESSIVE;
				CLANG_CXX_LANGUAGE_STANDARD = "gnu++20";
				CLANG_ENABLE_MODULES = YES;
				CLANG_ENABLE_OBJC_ARC = YES;
				CLANG_ENABLE_OBJC_WEAK = YES;
				CLANG_WARN_BLOCK_CAPTURE_AUTORELEASING = YES;
				CLANG_WARN_BOOL_CONVERSION = YES;
				CLANG_WARN_COMMA = YES;
				CLANG_WARN_CONSTANT_CONVERSION = YES;
				CLANG_WARN_DEPRECATED_OBJC_IMPLEMENTATIONS = YES;
				CLANG_WARN_DIRECT_OBJC_ISA_USAGE = YES_ERROR;
				CLANG_WARN_DOCUMENTATION_COMMENTS = YES;
				CLANG_WARN_EMPTY_BODY = YES;
				CLANG_WARN_ENUM_CONVERSION = YES;
				CLANG_WARN_INFINITE_RECURSION = YES;
				CLANG_WARN_INT_CONVERSION = YES;
				CLANG_WARN_NON_LITERAL_NULL_CONVERSION = YES;
				CLANG_WARN_OBJC_IMPLICIT_RETAIN_SELF = YES;
				CLANG_WARN_OBJC_LITERAL_CONVERSION = YES;
				CLANG_WARN_OBJC_ROOT_CLASS = YES_ERROR;
				CLANG_WARN_QUOTED_INCLUDE_IN_FRAMEWORK_HEADER = YES;
				CLANG_WARN_RANGE_LOOP_ANALYSIS = YES;
				CLANG_WARN_STRICT_PROTOTYPES = YES;
				CLANG_WARN_SUSPICIOUS_MOVE = YES;
				CLANG_WARN_UNGUARDED_AVAILABILITY = YES_AGGRESSIVE;
				CLANG_WARN_UNREACHABLE_CODE = YES;
				CLANG_WARN__DUPLICATE_METHOD_MATCH = YES;
				COPY_PHASE_STRIP = NO;
				DEBUG_INFORMATION_FORMAT = "dwarf-with-dsym";
				ENABLE_NS_ASSERTIONS = NO;
				ENABLE_STRICT_OBJC_MSGSEND = YES;
				ENABLE_USER_SCRIPT_SANDBOXING = YES;
				GCC_C_LANGUAGE_STANDARD = gnu17;
				GCC_NO_COMMON_BLOCKS = YES;
				GCC_WARN_64_TO_32_BIT_CONVERSION = YES;
				GCC_WARN_ABOUT_RETURN_TYPE = YES_ERROR;
				GCC_WARN_UNDECLARED_SELECTOR = YES;
				GCC_WARN_UNINITIALIZED_AUTOS = YES_AGGRESSIVE;
				GCC_WARN_UNUSED_FUNCTION = YES;
				GCC_WARN_UNUSED_VARIABLE = YES;
				LOCALIZATION_PREFERS_STRING_CATALOGS = YES;
				MACOSX_DEPLOYMENT_TARGET = 15.0;
				MTL_ENABLE_DEBUG_INFO = NO;
				MTL_FAST_MATH = YES;
				SDKROOT = macosx;
				SWIFT_COMPILATION_MODE = wholemodule;
			};
			name = Release;
		};
		D768F5CD2D084B80007F39D5 /* Debug */ = {
			isa = XCBuildConfiguration;
			buildSettings = {
				ASSETCATALOG_COMPILER_APPICON_NAME = AppIcon;
				ASSETCATALOG_COMPILER_GLOBAL_ACCENT_COLOR_NAME = AccentColor;
				CODE_SIGN_ENTITLEMENTS = "safari-blocker/safari_blocker.entitlements";
				CODE_SIGN_STYLE = Automatic;
				COMBINE_HIDPI_IMAGES = YES;
				CURRENT_PROJECT_VERSION = 1;
				DEVELOPMENT_ASSET_PATHS = "\"safari-blocker/Preview Content\"";
				DEVELOPMENT_TEAM = 4EXD6AB86D;
				ENABLE_PREVIEWS = YES;
				GENERATE_INFOPLIST_FILE = YES;
				INFOPLIST_KEY_CFBundleDisplayName = "Safari Content Blocker";
				INFOPLIST_KEY_NSHumanReadableCopyright = "";
				LD_RUNPATH_SEARCH_PATHS = (
					"$(inherited)",
					"@executable_path/../Frameworks",
				);
				MARKETING_VERSION = 1.0;
				PRODUCT_BUNDLE_IDENTIFIER = "dev.adguard.safari-blocker";
				PRODUCT_NAME = "$(TARGET_NAME)";
				SWIFT_EMIT_LOC_STRINGS = YES;
				SWIFT_VERSION = 5.0;
			};
			name = Debug;
		};
		D768F5CE2D084B80007F39D5 /* Release */ = {
			isa = XCBuildConfiguration;
			buildSettings = {
				ASSETCATALOG_COMPILER_APPICON_NAME = AppIcon;
				ASSETCATALOG_COMPILER_GLOBAL_ACCENT_COLOR_NAME = AccentColor;
				CODE_SIGN_ENTITLEMENTS = "safari-blocker/safari_blocker.entitlements";
				CODE_SIGN_STYLE = Automatic;
				COMBINE_HIDPI_IMAGES = YES;
				CURRENT_PROJECT_VERSION = 1;
				DEVELOPMENT_ASSET_PATHS = "\"safari-blocker/Preview Content\"";
				DEVELOPMENT_TEAM = 4EXD6AB86D;
				ENABLE_PREVIEWS = YES;
				GENERATE_INFOPLIST_FILE = YES;
				INFOPLIST_KEY_CFBundleDisplayName = "Safari Content Blocker";
				INFOPLIST_KEY_NSHumanReadableCopyright = "";
				LD_RUNPATH_SEARCH_PATHS = (
					"$(inherited)",
					"@executable_path/../Frameworks",
				);
				MARKETING_VERSION = 1.0;
				PRODUCT_BUNDLE_IDENTIFIER = "dev.adguard.safari-blocker";
				PRODUCT_NAME = "$(TARGET_NAME)";
				SWIFT_EMIT_LOC_STRINGS = YES;
				SWIFT_VERSION = 5.0;
			};
			name = Release;
		};
		D7BB67A62D084C1100B8A793 /* Debug */ = {
			isa = XCBuildConfiguration;
			buildSettings = {
				CODE_SIGN_ENTITLEMENTS = "content-blocker/content_blocker.entitlements";
				CODE_SIGN_STYLE = Automatic;
				CURRENT_PROJECT_VERSION = 1;
				DEVELOPMENT_TEAM = 4EXD6AB86D;
				GENERATE_INFOPLIST_FILE = YES;
				INFOPLIST_FILE = "content-blocker/Info.plist";
				INFOPLIST_KEY_CFBundleDisplayName = "Debug content blocker";
				INFOPLIST_KEY_NSHumanReadableCopyright = "";
				LD_RUNPATH_SEARCH_PATHS = (
					"$(inherited)",
					"@executable_path/../Frameworks",
					"@executable_path/../../../../Frameworks",
				);
				MARKETING_VERSION = 1.0;
				PRODUCT_BUNDLE_IDENTIFIER = "dev.adguard.safari-blocker.content-blocker";
				PRODUCT_NAME = "$(TARGET_NAME)";
				SKIP_INSTALL = YES;
				SWIFT_EMIT_LOC_STRINGS = YES;
				SWIFT_VERSION = 5.0;
			};
			name = Debug;
		};
		D7BB67A72D084C1100B8A793 /* Release */ = {
			isa = XCBuildConfiguration;
			buildSettings = {
				CODE_SIGN_ENTITLEMENTS = "content-blocker/content_blocker.entitlements";
				CODE_SIGN_STYLE = Automatic;
				CURRENT_PROJECT_VERSION = 1;
				DEVELOPMENT_TEAM = 4EXD6AB86D;
				GENERATE_INFOPLIST_FILE = YES;
				INFOPLIST_FILE = "content-blocker/Info.plist";
				INFOPLIST_KEY_CFBundleDisplayName = "Debug content blocker";
				INFOPLIST_KEY_NSHumanReadableCopyright = "";
				LD_RUNPATH_SEARCH_PATHS = (
					"$(inherited)",
					"@executable_path/../Frameworks",
					"@executable_path/../../../../Frameworks",
				);
				MARKETING_VERSION = 1.0;
				PRODUCT_BUNDLE_IDENTIFIER = "dev.adguard.safari-blocker.content-blocker";
				PRODUCT_NAME = "$(TARGET_NAME)";
				SKIP_INSTALL = YES;
				SWIFT_EMIT_LOC_STRINGS = YES;
				SWIFT_VERSION = 5.0;
			};
			name = Release;
		};
/* End XCBuildConfiguration section */

/* Begin XCConfigurationList section */
		D768F5A22D084B7F007F39D5 /* Build configuration list for PBXProject "safari-blocker" */ = {
			isa = XCConfigurationList;
			buildConfigurations = (
				D768F5CA2D084B80007F39D5 /* Debug */,
				D768F5CB2D084B80007F39D5 /* Release */,
			);
			defaultConfigurationIsVisible = 0;
			defaultConfigurationName = Release;
		};
		D768F5CC2D084B80007F39D5 /* Build configuration list for PBXNativeTarget "safari-blocker" */ = {
			isa = XCConfigurationList;
			buildConfigurations = (
				D768F5CD2D084B80007F39D5 /* Debug */,
				D768F5CE2D084B80007F39D5 /* Release */,
			);
			defaultConfigurationIsVisible = 0;
			defaultConfigurationName = Release;
		};
		D7BB67A52D084C1100B8A793 /* Build configuration list for PBXNativeTarget "content-blocker" */ = {
			isa = XCConfigurationList;
			buildConfigurations = (
				D7BB67A62D084C1100B8A793 /* Debug */,
				D7BB67A72D084C1100B8A793 /* Release */,
			);
			defaultConfigurationIsVisible = 0;
			defaultConfigurationName = Release;
		};
/* End XCConfigurationList section */

/* Begin XCRemoteSwiftPackageReference section */
		D73B13A02D0876E900939E68 /* XCRemoteSwiftPackageReference "safari-converter" */ = {
			isa = XCRemoteSwiftPackageReference;
			repositoryURL = "/Users/ameshkov/Documents/Work/bit.adguard.com/safari-converter";
			requirement = {
				branch = performance;
				kind = branch;
			};
		};
/* End XCRemoteSwiftPackageReference section */

/* Begin XCSwiftPackageProductDependency section */
		D73B13A12D0876E900939E68 /* ContentBlockerConverter */ = {
			isa = XCSwiftPackageProductDependency;
			package = D73B13A02D0876E900939E68 /* XCRemoteSwiftPackageReference "safari-converter" */;
			productName = ContentBlockerConverter;
		};
/* End XCSwiftPackageProductDependency section */
	};
	rootObject = D768F59F2D084B7F007F39D5 /* Project object */;
}
