// !$*UTF8*$!
{
	archiveVersion = 1;
	classes = {
	};
	objectVersion = 77;
	objects = {

/* Begin PBXBuildFile section */
		D70B16DA2D08D29A000A827C /* ContentBlockerConverter in Frameworks */ = {isa = PBXBuildFile; productRef = D70B16D92D08D29A000A827C /* ContentBlockerConverter */; };
		D70B170D2D08D39A000A827C /* Cocoa.framework in Frameworks */ = {isa = PBXBuildFile; fileRef = D7BB67982D084C1100B8A793 /* Cocoa.framework */; platformFilters = (macos, ); };
		D70B17172D08D39A000A827C /* content-blocker.appex in Embed Foundation Extensions */ = {isa = PBXBuildFile; fileRef = D70B170C2D08D39A000A827C /* content-blocker.appex */; settings = {ATTRIBUTES = (RemoveHeadersOnCopy, ); }; };
		D70B171C2D08D3A2000A827C /* content_blocker_service.framework in Frameworks */ = {isa = PBXBuildFile; fileRef = D73B13F02D08923600939E68 /* content_blocker_service.framework */; };
		D70B171D2D08D3A2000A827C /* content_blocker_service.framework in Embed Frameworks */ = {isa = PBXBuildFile; fileRef = D73B13F02D08923600939E68 /* content_blocker_service.framework */; settings = {ATTRIBUTES = (CodeSignOnCopy, RemoveHeadersOnCopy, ); }; };
		D70B17E82D11939C000A827C /* web-extension.appex in Embed Foundation Extensions */ = {isa = PBXBuildFile; fileRef = D70B17CF2D11939C000A827C /* web-extension.appex */; settings = {ATTRIBUTES = (RemoveHeadersOnCopy, ); }; };
		D71085832D4A7AC200F1E1CF /* ZIPFoundation in Frameworks */ = {isa = PBXBuildFile; productRef = D71085822D4A7AC200F1E1CF /* ZIPFoundation */; };
		D710858A2D4A8D4700F1E1CF /* content_blocker_service.framework in Frameworks */ = {isa = PBXBuildFile; fileRef = D73B13F02D08923600939E68 /* content_blocker_service.framework */; };
		D710858B2D4A8D4700F1E1CF /* content_blocker_service.framework in Embed Frameworks */ = {isa = PBXBuildFile; fileRef = D73B13F02D08923600939E68 /* content_blocker_service.framework */; settings = {ATTRIBUTES = (CodeSignOnCopy, RemoveHeadersOnCopy, ); }; };
		D710890A2D4CBD0600F1E1CF /* app-extension.appex in Embed Foundation Extensions */ = {isa = PBXBuildFile; fileRef = D71088F82D4CBD0500F1E1CF /* app-extension.appex */; settings = {ATTRIBUTES = (RemoveHeadersOnCopy, ); }; };
		D71089112D4E90D800F1E1CF /* content_blocker_service.framework in Frameworks */ = {isa = PBXBuildFile; fileRef = D73B13F02D08923600939E68 /* content_blocker_service.framework */; };
		D71089122D4E90D800F1E1CF /* content_blocker_service.framework in Embed Frameworks */ = {isa = PBXBuildFile; fileRef = D73B13F02D08923600939E68 /* content_blocker_service.framework */; settings = {ATTRIBUTES = (CodeSignOnCopy, RemoveHeadersOnCopy, ); }; };
		D73756D42DA8EF3300067207 /* web-extension-ios.appex in Embed Foundation Extensions */ = {isa = PBXBuildFile; fileRef = D73756BC2DA8EF2E00067207 /* web-extension-ios.appex */; settings = {ATTRIBUTES = (RemoveHeadersOnCopy, ); }; };
		D73757482DA8F25400067207 /* content_blocker_service.framework in Frameworks */ = {isa = PBXBuildFile; fileRef = D73B13F02D08923600939E68 /* content_blocker_service.framework */; };
		D73757492DA8F25400067207 /* content_blocker_service.framework in Embed Frameworks */ = {isa = PBXBuildFile; fileRef = D73B13F02D08923600939E68 /* content_blocker_service.framework */; settings = {ATTRIBUTES = (CodeSignOnCopy, RemoveHeadersOnCopy, ); }; };
		D73B13E42D08910F00939E68 /* content-blocker-ios.appex in Embed Foundation Extensions */ = {isa = PBXBuildFile; fileRef = D73B13DB2D08910F00939E68 /* content-blocker-ios.appex */; settings = {ATTRIBUTES = (RemoveHeadersOnCopy, ); }; };
		D73B14052D08923600939E68 /* content_blocker_service.framework in Frameworks */ = {isa = PBXBuildFile; fileRef = D73B13F02D08923600939E68 /* content_blocker_service.framework */; };
		D73B14062D08923600939E68 /* content_blocker_service.framework in Embed Frameworks */ = {isa = PBXBuildFile; fileRef = D73B13F02D08923600939E68 /* content_blocker_service.framework */; settings = {ATTRIBUTES = (CodeSignOnCopy, RemoveHeadersOnCopy, ); }; };
		D73B14132D08944200939E68 /* content_blocker_service.framework in Frameworks */ = {isa = PBXBuildFile; fileRef = D73B13F02D08923600939E68 /* content_blocker_service.framework */; };
		D73B14142D08944200939E68 /* content_blocker_service.framework in Embed Frameworks */ = {isa = PBXBuildFile; fileRef = D73B13F02D08923600939E68 /* content_blocker_service.framework */; settings = {ATTRIBUTES = (CodeSignOnCopy, RemoveHeadersOnCopy, ); }; };
		D73B142A2D089A1F00939E68 /* content_blocker_service.framework in Frameworks */ = {isa = PBXBuildFile; fileRef = D73B13F02D08923600939E68 /* content_blocker_service.framework */; };
		D73B142B2D089A1F00939E68 /* content_blocker_service.framework in Embed Frameworks */ = {isa = PBXBuildFile; fileRef = D73B13F02D08923600939E68 /* content_blocker_service.framework */; settings = {ATTRIBUTES = (CodeSignOnCopy, RemoveHeadersOnCopy, ); }; };
		D7D092052DB1687F004D5D07 /* ContentBlockerConverter in Frameworks */ = {isa = PBXBuildFile; productRef = D7D092042DB1687F004D5D07 /* ContentBlockerConverter */; };
/* End PBXBuildFile section */

/* Begin PBXContainerItemProxy section */
		D70B17152D08D39A000A827C /* PBXContainerItemProxy */ = {
			isa = PBXContainerItemProxy;
			containerPortal = D768F59F2D084B7F007F39D5 /* Project object */;
			proxyType = 1;
			remoteGlobalIDString = D70B170B2D08D39A000A827C;
			remoteInfo = "content-blocker";
		};
		D70B171E2D08D3A2000A827C /* PBXContainerItemProxy */ = {
			isa = PBXContainerItemProxy;
			containerPortal = D768F59F2D084B7F007F39D5 /* Project object */;
			proxyType = 1;
			remoteGlobalIDString = D73B13EF2D08923600939E68;
			remoteInfo = "content-blocker-service";
		};
		D70B17E62D11939C000A827C /* PBXContainerItemProxy */ = {
			isa = PBXContainerItemProxy;
			containerPortal = D768F59F2D084B7F007F39D5 /* Project object */;
			proxyType = 1;
			remoteGlobalIDString = D70B17CE2D11939C000A827C;
			remoteInfo = "web-extension";
		};
		D710858C2D4A8D4700F1E1CF /* PBXContainerItemProxy */ = {
			isa = PBXContainerItemProxy;
			containerPortal = D768F59F2D084B7F007F39D5 /* Project object */;
			proxyType = 1;
			remoteGlobalIDString = D73B13EF2D08923600939E68;
			remoteInfo = "content-blocker-service";
		};
		D71089082D4CBD0600F1E1CF /* PBXContainerItemProxy */ = {
			isa = PBXContainerItemProxy;
			containerPortal = D768F59F2D084B7F007F39D5 /* Project object */;
			proxyType = 1;
			remoteGlobalIDString = D71088F72D4CBD0500F1E1CF;
			remoteInfo = "app-extension";
		};
		D71089132D4E90D800F1E1CF /* PBXContainerItemProxy */ = {
			isa = PBXContainerItemProxy;
			containerPortal = D768F59F2D084B7F007F39D5 /* Project object */;
			proxyType = 1;
			remoteGlobalIDString = D73B13EF2D08923600939E68;
			remoteInfo = "content-blocker-service";
		};
		D73756D22DA8EF3300067207 /* PBXContainerItemProxy */ = {
			isa = PBXContainerItemProxy;
			containerPortal = D768F59F2D084B7F007F39D5 /* Project object */;
			proxyType = 1;
			remoteGlobalIDString = D73756BB2DA8EF2E00067207;
			remoteInfo = "web-extension-ios";
		};
		D737574A2DA8F25400067207 /* PBXContainerItemProxy */ = {
			isa = PBXContainerItemProxy;
			containerPortal = D768F59F2D084B7F007F39D5 /* Project object */;
			proxyType = 1;
			remoteGlobalIDString = D73B13EF2D08923600939E68;
			remoteInfo = "content-blocker-service";
		};
		D73B13E22D08910F00939E68 /* PBXContainerItemProxy */ = {
			isa = PBXContainerItemProxy;
			containerPortal = D768F59F2D084B7F007F39D5 /* Project object */;
			proxyType = 1;
			remoteGlobalIDString = D73B13DA2D08910F00939E68;
			remoteInfo = "content-blocker-ios";
		};
		D73B14032D08923600939E68 /* PBXContainerItemProxy */ = {
			isa = PBXContainerItemProxy;
			containerPortal = D768F59F2D084B7F007F39D5 /* Project object */;
			proxyType = 1;
			remoteGlobalIDString = D73B13EF2D08923600939E68;
			remoteInfo = "content-blocker-service";
		};
		D73B14152D08944200939E68 /* PBXContainerItemProxy */ = {
			isa = PBXContainerItemProxy;
			containerPortal = D768F59F2D084B7F007F39D5 /* Project object */;
			proxyType = 1;
			remoteGlobalIDString = D73B13EF2D08923600939E68;
			remoteInfo = "content-blocker-service";
		};
		D73B142C2D089A1F00939E68 /* PBXContainerItemProxy */ = {
			isa = PBXContainerItemProxy;
			containerPortal = D768F59F2D084B7F007F39D5 /* Project object */;
			proxyType = 1;
			remoteGlobalIDString = D73B13EF2D08923600939E68;
			remoteInfo = "content-blocker-service";
		};
/* End PBXContainerItemProxy section */

/* Begin PBXCopyFilesBuildPhase section */
		D70B17202D08D3A2000A827C /* Embed Frameworks */ = {
			isa = PBXCopyFilesBuildPhase;
			buildActionMask = 2147483647;
			dstPath = "";
			dstSubfolderSpec = 10;
			files = (
				D70B171D2D08D3A2000A827C /* content_blocker_service.framework in Embed Frameworks */,
			);
			name = "Embed Frameworks";
			runOnlyForDeploymentPostprocessing = 0;
		};
		D710858E2D4A8D4700F1E1CF /* Embed Frameworks */ = {
			isa = PBXCopyFilesBuildPhase;
			buildActionMask = 2147483647;
			dstPath = "";
			dstSubfolderSpec = 10;
			files = (
				D710858B2D4A8D4700F1E1CF /* content_blocker_service.framework in Embed Frameworks */,
			);
			name = "Embed Frameworks";
			runOnlyForDeploymentPostprocessing = 0;
		};
		D71089152D4E90D800F1E1CF /* Embed Frameworks */ = {
			isa = PBXCopyFilesBuildPhase;
			buildActionMask = 2147483647;
			dstPath = "";
			dstSubfolderSpec = 10;
			files = (
				D71089122D4E90D800F1E1CF /* content_blocker_service.framework in Embed Frameworks */,
			);
			name = "Embed Frameworks";
			runOnlyForDeploymentPostprocessing = 0;
		};
		D737574C2DA8F25500067207 /* Embed Frameworks */ = {
			isa = PBXCopyFilesBuildPhase;
			buildActionMask = 2147483647;
			dstPath = "";
			dstSubfolderSpec = 10;
			files = (
				D73757492DA8F25400067207 /* content_blocker_service.framework in Embed Frameworks */,
			);
			name = "Embed Frameworks";
			runOnlyForDeploymentPostprocessing = 0;
		};
		D73B13E92D08910F00939E68 /* Embed Foundation Extensions */ = {
			isa = PBXCopyFilesBuildPhase;
			buildActionMask = 2147483647;
			dstPath = "";
			dstSubfolderSpec = 13;
			files = (
				D73B13E42D08910F00939E68 /* content-blocker-ios.appex in Embed Foundation Extensions */,
				D73756D42DA8EF3300067207 /* web-extension-ios.appex in Embed Foundation Extensions */,
			);
			name = "Embed Foundation Extensions";
			runOnlyForDeploymentPostprocessing = 0;
		};
		D73B140B2D08923600939E68 /* Embed Frameworks */ = {
			isa = PBXCopyFilesBuildPhase;
			buildActionMask = 2147483647;
			dstPath = "";
			dstSubfolderSpec = 10;
			files = (
				D73B14062D08923600939E68 /* content_blocker_service.framework in Embed Frameworks */,
			);
			name = "Embed Frameworks";
			runOnlyForDeploymentPostprocessing = 0;
		};
		D73B14172D08944200939E68 /* Embed Frameworks */ = {
			isa = PBXCopyFilesBuildPhase;
			buildActionMask = 2147483647;
			dstPath = "";
			dstSubfolderSpec = 10;
			files = (
				D73B14142D08944200939E68 /* content_blocker_service.framework in Embed Frameworks */,
			);
			name = "Embed Frameworks";
			runOnlyForDeploymentPostprocessing = 0;
		};
		D73B142E2D089A1F00939E68 /* Embed Frameworks */ = {
			isa = PBXCopyFilesBuildPhase;
			buildActionMask = 2147483647;
			dstPath = "";
			dstSubfolderSpec = 10;
			files = (
				D73B142B2D089A1F00939E68 /* content_blocker_service.framework in Embed Frameworks */,
			);
			name = "Embed Frameworks";
			runOnlyForDeploymentPostprocessing = 0;
		};
		D7BB67A82D084C1100B8A793 /* Embed Foundation Extensions */ = {
			isa = PBXCopyFilesBuildPhase;
			buildActionMask = 2147483647;
			dstPath = "";
			dstSubfolderSpec = 13;
			files = (
				D70B17172D08D39A000A827C /* content-blocker.appex in Embed Foundation Extensions */,
				D710890A2D4CBD0600F1E1CF /* app-extension.appex in Embed Foundation Extensions */,
				D70B17E82D11939C000A827C /* web-extension.appex in Embed Foundation Extensions */,
			);
			name = "Embed Foundation Extensions";
			runOnlyForDeploymentPostprocessing = 0;
		};
/* End PBXCopyFilesBuildPhase section */

/* Begin PBXFileReference section */
		D70B170C2D08D39A000A827C /* content-blocker.appex */ = {isa = PBXFileReference; explicitFileType = "wrapper.app-extension"; includeInIndex = 0; path = "content-blocker.appex"; sourceTree = BUILT_PRODUCTS_DIR; };
		D70B17CF2D11939C000A827C /* web-extension.appex */ = {isa = PBXFileReference; explicitFileType = "wrapper.app-extension"; includeInIndex = 0; path = "web-extension.appex"; sourceTree = BUILT_PRODUCTS_DIR; };
		D71088F82D4CBD0500F1E1CF /* app-extension.appex */ = {isa = PBXFileReference; explicitFileType = "wrapper.app-extension"; includeInIndex = 0; path = "app-extension.appex"; sourceTree = BUILT_PRODUCTS_DIR; };
		D73756BC2DA8EF2E00067207 /* web-extension-ios.appex */ = {isa = PBXFileReference; explicitFileType = "wrapper.app-extension"; includeInIndex = 0; path = "web-extension-ios.appex"; sourceTree = BUILT_PRODUCTS_DIR; };
		D73757C52DA90D2D00067207 /* Makefile */ = {isa = PBXFileReference; lastKnownFileType = sourcecode.make; path = Makefile; sourceTree = "<group>"; };
		D73757C82DA90DBA00067207 /* .markdownlint.json */ = {isa = PBXFileReference; lastKnownFileType = text.json; path = .markdownlint.json; sourceTree = "<group>"; };
		D73757C92DA90DC900067207 /* .markdownlintignore */ = {isa = PBXFileReference; lastKnownFileType = text; path = .markdownlintignore; sourceTree = "<group>"; };
		D73757CA2DA90DD500067207 /* .swift-format */ = {isa = PBXFileReference; lastKnownFileType = text; path = ".swift-format"; sourceTree = "<group>"; };
		D73758082DA92AF000067207 /* .swiftlint.yml */ = {isa = PBXFileReference; lastKnownFileType = text.yaml; path = .swiftlint.yml; sourceTree = "<group>"; };
		D7376E2E2DAAA11100067207 /* DEVELOPMENT.md */ = {isa = PBXFileReference; lastKnownFileType = net.daringfireball.markdown; path = DEVELOPMENT.md; sourceTree = "<group>"; };
		D73B13A62D08888900939E68 /* README.md */ = {isa = PBXFileReference; lastKnownFileType = net.daringfireball.markdown; path = README.md; sourceTree = "<group>"; };
		D73B13AC2D08902C00939E68 /* safari-blocker-ios.app */ = {isa = PBXFileReference; explicitFileType = wrapper.application; includeInIndex = 0; path = "safari-blocker-ios.app"; sourceTree = BUILT_PRODUCTS_DIR; };
		D73B13DB2D08910F00939E68 /* content-blocker-ios.appex */ = {isa = PBXFileReference; explicitFileType = "wrapper.app-extension"; includeInIndex = 0; path = "content-blocker-ios.appex"; sourceTree = BUILT_PRODUCTS_DIR; };
		D73B13F02D08923600939E68 /* content_blocker_service.framework */ = {isa = PBXFileReference; explicitFileType = wrapper.framework; includeInIndex = 0; path = content_blocker_service.framework; sourceTree = BUILT_PRODUCTS_DIR; };
		D768F5A72D084B7F007F39D5 /* safari-blocker.app */ = {isa = PBXFileReference; explicitFileType = wrapper.application; includeInIndex = 0; path = "safari-blocker.app"; sourceTree = BUILT_PRODUCTS_DIR; };
		D7BB67982D084C1100B8A793 /* Cocoa.framework */ = {isa = PBXFileReference; lastKnownFileType = wrapper.framework; name = Cocoa.framework; path = System/Library/Frameworks/Cocoa.framework; sourceTree = SDKROOT; };
/* End PBXFileReference section */

/* Begin PBXFileSystemSynchronizedBuildFileExceptionSet section */
		D70B17182D08D39A000A827C /* Exceptions for "content-blocker" folder in "content-blocker" target */ = {
			isa = PBXFileSystemSynchronizedBuildFileExceptionSet;
			membershipExceptions = (
				Info.plist,
			);
			target = D70B170B2D08D39A000A827C /* content-blocker */;
		};
		D70B17EC2D11939C000A827C /* Exceptions for "web-extension" folder in "web-extension" target */ = {
			isa = PBXFileSystemSynchronizedBuildFileExceptionSet;
			membershipExceptions = (
				Info.plist,
			);
			target = D70B17CE2D11939C000A827C /* web-extension */;
		};
		D710890E2D4CBD0600F1E1CF /* Exceptions for "app-extension" folder in "app-extension" target */ = {
			isa = PBXFileSystemSynchronizedBuildFileExceptionSet;
			membershipExceptions = (
				Info.plist,
			);
			target = D71088F72D4CBD0500F1E1CF /* app-extension */;
		};
		D73756D82DA8EF3300067207 /* Exceptions for "web-extension-ios" folder in "web-extension-ios" target */ = {
			isa = PBXFileSystemSynchronizedBuildFileExceptionSet;
			membershipExceptions = (
				Info.plist,
			);
			target = D73756BB2DA8EF2E00067207 /* web-extension-ios */;
		};
		D7376E2D2DA9492F00067207 /* Exceptions for "safari-blocker" folder in "safari-blocker" target */ = {
			isa = PBXFileSystemSynchronizedBuildFileExceptionSet;
			membershipExceptions = (
				Info.plist,
			);
			target = D768F5A62D084B7F007F39D5 /* safari-blocker */;
		};
		D73B13E52D08910F00939E68 /* Exceptions for "content-blocker-ios" folder in "content-blocker-ios" target */ = {
			isa = PBXFileSystemSynchronizedBuildFileExceptionSet;
			membershipExceptions = (
				Info.plist,
			);
			target = D73B13DA2D08910F00939E68 /* content-blocker-ios */;
		};
		D73B14072D08923600939E68 /* Exceptions for "content-blocker-service" folder in "content-blocker-service" target */ = {
			isa = PBXFileSystemSynchronizedBuildFileExceptionSet;
			publicHeaders = (
				content_blocker_service.h,
			);
			target = D73B13EF2D08923600939E68 /* content-blocker-service */;
		};
/* End PBXFileSystemSynchronizedBuildFileExceptionSet section */

/* Begin PBXFileSystemSynchronizedRootGroup section */
		D70B170E2D08D39A000A827C /* content-blocker */ = {
			isa = PBXFileSystemSynchronizedRootGroup;
			exceptions = (
				D70B17182D08D39A000A827C /* Exceptions for "content-blocker" folder in "content-blocker" target */,
			);
			path = "content-blocker";
			sourceTree = "<group>";
		};
		D70B17D02D11939C000A827C /* web-extension */ = {
			isa = PBXFileSystemSynchronizedRootGroup;
			exceptions = (
				D70B17EC2D11939C000A827C /* Exceptions for "web-extension" folder in "web-extension" target */,
			);
			explicitFolders = (
				Resources/_locales,
				Resources/assets,
				Resources/pages,
			);
			path = "web-extension";
			sourceTree = "<group>";
		};
		D71088F92D4CBD0500F1E1CF /* app-extension */ = {
			isa = PBXFileSystemSynchronizedRootGroup;
			exceptions = (
				D710890E2D4CBD0600F1E1CF /* Exceptions for "app-extension" folder in "app-extension" target */,
			);
			path = "app-extension";
			sourceTree = "<group>";
		};
		D73756BD2DA8EF2E00067207 /* web-extension-ios */ = {
			isa = PBXFileSystemSynchronizedRootGroup;
			exceptions = (
				D73756D82DA8EF3300067207 /* Exceptions for "web-extension-ios" folder in "web-extension-ios" target */,
			);
			explicitFolders = (
				Resources/_locales,
				Resources/assets,
				Resources/pages,
			);
			path = "web-extension-ios";
			sourceTree = "<group>";
		};
		D73757CC2DA9273300067207 /* scripts */ = {
			isa = PBXFileSystemSynchronizedRootGroup;
			path = scripts;
			sourceTree = "<group>";
		};
		D73B138E2D086D1400939E68 /* filters */ = {
			isa = PBXFileSystemSynchronizedRootGroup;
			path = filters;
			sourceTree = "<group>";
		};
		D73B13AD2D08902C00939E68 /* safari-blocker-ios */ = {
			isa = PBXFileSystemSynchronizedRootGroup;
			path = "safari-blocker-ios";
			sourceTree = "<group>";
		};
		D73B13DC2D08910F00939E68 /* content-blocker-ios */ = {
			isa = PBXFileSystemSynchronizedRootGroup;
			exceptions = (
				D73B13E52D08910F00939E68 /* Exceptions for "content-blocker-ios" folder in "content-blocker-ios" target */,
			);
			path = "content-blocker-ios";
			sourceTree = "<group>";
		};
		D73B13F12D08923600939E68 /* content-blocker-service */ = {
			isa = PBXFileSystemSynchronizedRootGroup;
			exceptions = (
				D73B14072D08923600939E68 /* Exceptions for "content-blocker-service" folder in "content-blocker-service" target */,
			);
			path = "content-blocker-service";
			sourceTree = "<group>";
		};
		D768F5A92D084B7F007F39D5 /* safari-blocker */ = {
			isa = PBXFileSystemSynchronizedRootGroup;
			exceptions = (
				D7376E2D2DA9492F00067207 /* Exceptions for "safari-blocker" folder in "safari-blocker" target */,
			);
			path = "safari-blocker";
			sourceTree = "<group>";
		};
/* End PBXFileSystemSynchronizedRootGroup section */

/* Begin PBXFrameworksBuildPhase section */
		D70B17092D08D39A000A827C /* Frameworks */ = {
			isa = PBXFrameworksBuildPhase;
			buildActionMask = 2147483647;
			files = (
				D70B170D2D08D39A000A827C /* Cocoa.framework in Frameworks */,
				D70B171C2D08D3A2000A827C /* content_blocker_service.framework in Frameworks */,
			);
			runOnlyForDeploymentPostprocessing = 0;
		};
		D70B17CC2D11939C000A827C /* Frameworks */ = {
			isa = PBXFrameworksBuildPhase;
			buildActionMask = 2147483647;
			files = (
				D710858A2D4A8D4700F1E1CF /* content_blocker_service.framework in Frameworks */,
			);
			runOnlyForDeploymentPostprocessing = 0;
		};
		D71088F52D4CBD0500F1E1CF /* Frameworks */ = {
			isa = PBXFrameworksBuildPhase;
			buildActionMask = 2147483647;
			files = (
				D71089112D4E90D800F1E1CF /* content_blocker_service.framework in Frameworks */,
			);
			runOnlyForDeploymentPostprocessing = 0;
		};
		D73756B92DA8EF2E00067207 /* Frameworks */ = {
			isa = PBXFrameworksBuildPhase;
			buildActionMask = 2147483647;
			files = (
				D73757482DA8F25400067207 /* content_blocker_service.framework in Frameworks */,
			);
			runOnlyForDeploymentPostprocessing = 0;
		};
		D73B13A92D08902C00939E68 /* Frameworks */ = {
			isa = PBXFrameworksBuildPhase;
			buildActionMask = 2147483647;
			files = (
				D73B14132D08944200939E68 /* content_blocker_service.framework in Frameworks */,
			);
			runOnlyForDeploymentPostprocessing = 0;
		};
		D73B13D82D08910F00939E68 /* Frameworks */ = {
			isa = PBXFrameworksBuildPhase;
			buildActionMask = 2147483647;
			files = (
				D73B142A2D089A1F00939E68 /* content_blocker_service.framework in Frameworks */,
			);
			runOnlyForDeploymentPostprocessing = 0;
		};
		D73B13ED2D08923600939E68 /* Frameworks */ = {
			isa = PBXFrameworksBuildPhase;
			buildActionMask = 2147483647;
			files = (
				D70B16DA2D08D29A000A827C /* ContentBlockerConverter in Frameworks */,
				D71085832D4A7AC200F1E1CF /* ZIPFoundation in Frameworks */,
				D7D092052DB1687F004D5D07 /* ContentBlockerConverter in Frameworks */,
			);
			runOnlyForDeploymentPostprocessing = 0;
		};
		D768F5A42D084B7F007F39D5 /* Frameworks */ = {
			isa = PBXFrameworksBuildPhase;
			buildActionMask = 2147483647;
			files = (
				D73B14052D08923600939E68 /* content_blocker_service.framework in Frameworks */,
			);
			runOnlyForDeploymentPostprocessing = 0;
		};
/* End PBXFrameworksBuildPhase section */

/* Begin PBXGroup section */
		D768F59E2D084B7F007F39D5 = {
			isa = PBXGroup;
			children = (
				D768F5A92D084B7F007F39D5 /* safari-blocker */,
				D73B13AD2D08902C00939E68 /* safari-blocker-ios */,
				D70B170E2D08D39A000A827C /* content-blocker */,
				D73B13DC2D08910F00939E68 /* content-blocker-ios */,
				D71088F92D4CBD0500F1E1CF /* app-extension */,
				D70B17D02D11939C000A827C /* web-extension */,
				D73756BD2DA8EF2E00067207 /* web-extension-ios */,
				D73B13F12D08923600939E68 /* content-blocker-service */,
				D73B138E2D086D1400939E68 /* filters */,
				D73757CC2DA9273300067207 /* scripts */,
				D73757C92DA90DC900067207 /* .markdownlintignore */,
				D73757C82DA90DBA00067207 /* .markdownlint.json */,
				D73757CA2DA90DD500067207 /* .swift-format */,
				D73758082DA92AF000067207 /* .swiftlint.yml */,
				D73757C52DA90D2D00067207 /* Makefile */,
				D73B13A62D08888900939E68 /* README.md */,
				D7376E2E2DAAA11100067207 /* DEVELOPMENT.md */,
				D7BB67972D084C1100B8A793 /* Frameworks */,
				D768F5A82D084B7F007F39D5 /* Products */,
			);
			sourceTree = "<group>";
		};
		D768F5A82D084B7F007F39D5 /* Products */ = {
			isa = PBXGroup;
			children = (
				D768F5A72D084B7F007F39D5 /* safari-blocker.app */,
				D73B13AC2D08902C00939E68 /* safari-blocker-ios.app */,
				D73B13DB2D08910F00939E68 /* content-blocker-ios.appex */,
				D73B13F02D08923600939E68 /* content_blocker_service.framework */,
				D70B170C2D08D39A000A827C /* content-blocker.appex */,
				D70B17CF2D11939C000A827C /* web-extension.appex */,
				D71088F82D4CBD0500F1E1CF /* app-extension.appex */,
				D73756BC2DA8EF2E00067207 /* web-extension-ios.appex */,
			);
			name = Products;
			sourceTree = "<group>";
		};
		D7BB67972D084C1100B8A793 /* Frameworks */ = {
			isa = PBXGroup;
			children = (
				D7BB67982D084C1100B8A793 /* Cocoa.framework */,
			);
			name = Frameworks;
			sourceTree = "<group>";
		};
/* End PBXGroup section */

/* Begin PBXHeadersBuildPhase section */
		D73B13EB2D08923600939E68 /* Headers */ = {
			isa = PBXHeadersBuildPhase;
			buildActionMask = 2147483647;
			files = (
			);
			runOnlyForDeploymentPostprocessing = 0;
		};
/* End PBXHeadersBuildPhase section */

/* Begin PBXNativeTarget section */
		D70B170B2D08D39A000A827C /* content-blocker */ = {
			isa = PBXNativeTarget;
			buildConfigurationList = D70B17192D08D39A000A827C /* Build configuration list for PBXNativeTarget "content-blocker" */;
			buildPhases = (
				D70B17082D08D39A000A827C /* Sources */,
				D70B17092D08D39A000A827C /* Frameworks */,
				D70B170A2D08D39A000A827C /* Resources */,
				D70B17202D08D3A2000A827C /* Embed Frameworks */,
			);
			buildRules = (
			);
			dependencies = (
				D70B171F2D08D3A2000A827C /* PBXTargetDependency */,
			);
			fileSystemSynchronizedGroups = (
				D70B170E2D08D39A000A827C /* content-blocker */,
			);
			name = "content-blocker";
			packageProductDependencies = (
			);
			productName = "content-blocker";
			productReference = D70B170C2D08D39A000A827C /* content-blocker.appex */;
			productType = "com.apple.product-type.app-extension";
		};
		D70B17CE2D11939C000A827C /* web-extension */ = {
			isa = PBXNativeTarget;
			buildConfigurationList = D70B17EB2D11939C000A827C /* Build configuration list for PBXNativeTarget "web-extension" */;
			buildPhases = (
				D70B17CB2D11939C000A827C /* Sources */,
				D70B17CC2D11939C000A827C /* Frameworks */,
				D70B17CD2D11939C000A827C /* Resources */,
				D710858E2D4A8D4700F1E1CF /* Embed Frameworks */,
			);
			buildRules = (
			);
			dependencies = (
				D710858D2D4A8D4700F1E1CF /* PBXTargetDependency */,
			);
			fileSystemSynchronizedGroups = (
				D70B17D02D11939C000A827C /* web-extension */,
			);
			name = "web-extension";
			packageProductDependencies = (
			);
			productName = "web-extension";
			productReference = D70B17CF2D11939C000A827C /* web-extension.appex */;
			productType = "com.apple.product-type.app-extension";
		};
		D71088F72D4CBD0500F1E1CF /* app-extension */ = {
			isa = PBXNativeTarget;
			buildConfigurationList = D710890D2D4CBD0600F1E1CF /* Build configuration list for PBXNativeTarget "app-extension" */;
			buildPhases = (
				D71088F42D4CBD0500F1E1CF /* Sources */,
				D71088F52D4CBD0500F1E1CF /* Frameworks */,
				D71088F62D4CBD0500F1E1CF /* Resources */,
				D71089152D4E90D800F1E1CF /* Embed Frameworks */,
			);
			buildRules = (
			);
			dependencies = (
				D71089142D4E90D800F1E1CF /* PBXTargetDependency */,
			);
			fileSystemSynchronizedGroups = (
				D71088F92D4CBD0500F1E1CF /* app-extension */,
			);
			name = "app-extension";
			packageProductDependencies = (
			);
			productName = "app-extension";
			productReference = D71088F82D4CBD0500F1E1CF /* app-extension.appex */;
			productType = "com.apple.product-type.app-extension";
		};
		D73756BB2DA8EF2E00067207 /* web-extension-ios */ = {
			isa = PBXNativeTarget;
			buildConfigurationList = D73756D52DA8EF3300067207 /* Build configuration list for PBXNativeTarget "web-extension-ios" */;
			buildPhases = (
				D73756B82DA8EF2E00067207 /* Sources */,
				D73756B92DA8EF2E00067207 /* Frameworks */,
				D73756BA2DA8EF2E00067207 /* Resources */,
				D737574C2DA8F25500067207 /* Embed Frameworks */,
			);
			buildRules = (
			);
			dependencies = (
				D737574B2DA8F25400067207 /* PBXTargetDependency */,
			);
			fileSystemSynchronizedGroups = (
				D73756BD2DA8EF2E00067207 /* web-extension-ios */,
			);
			name = "web-extension-ios";
			packageProductDependencies = (
			);
			productName = "web-extension-ios";
			productReference = D73756BC2DA8EF2E00067207 /* web-extension-ios.appex */;
			productType = "com.apple.product-type.app-extension";
		};
		D73B13AB2D08902C00939E68 /* safari-blocker-ios */ = {
			isa = PBXNativeTarget;
			buildConfigurationList = D73B13CD2D08902E00939E68 /* Build configuration list for PBXNativeTarget "safari-blocker-ios" */;
			buildPhases = (
				D73B13A82D08902C00939E68 /* Sources */,
				D73B13A92D08902C00939E68 /* Frameworks */,
				D73B13AA2D08902C00939E68 /* Resources */,
				D73B13E92D08910F00939E68 /* Embed Foundation Extensions */,
				D73B14172D08944200939E68 /* Embed Frameworks */,
			);
			buildRules = (
			);
			dependencies = (
				D73B13E32D08910F00939E68 /* PBXTargetDependency */,
				D73B14162D08944200939E68 /* PBXTargetDependency */,
				D73756D32DA8EF3300067207 /* PBXTargetDependency */,
			);
			fileSystemSynchronizedGroups = (
				D73B138E2D086D1400939E68 /* filters */,
				D73B13AD2D08902C00939E68 /* safari-blocker-ios */,
			);
			name = "safari-blocker-ios";
			packageProductDependencies = (
			);
			productName = "safari-blocker-ios";
			productReference = D73B13AC2D08902C00939E68 /* safari-blocker-ios.app */;
			productType = "com.apple.product-type.application";
		};
		D73B13DA2D08910F00939E68 /* content-blocker-ios */ = {
			isa = PBXNativeTarget;
			buildConfigurationList = D73B13E62D08910F00939E68 /* Build configuration list for PBXNativeTarget "content-blocker-ios" */;
			buildPhases = (
				D73B13D72D08910F00939E68 /* Sources */,
				D73B13D82D08910F00939E68 /* Frameworks */,
				D73B13D92D08910F00939E68 /* Resources */,
				D73B142E2D089A1F00939E68 /* Embed Frameworks */,
			);
			buildRules = (
			);
			dependencies = (
				D73B142D2D089A1F00939E68 /* PBXTargetDependency */,
			);
			fileSystemSynchronizedGroups = (
				D73B13DC2D08910F00939E68 /* content-blocker-ios */,
			);
			name = "content-blocker-ios";
			packageProductDependencies = (
			);
			productName = "content-blocker-ios";
			productReference = D73B13DB2D08910F00939E68 /* content-blocker-ios.appex */;
			productType = "com.apple.product-type.app-extension";
		};
		D73B13EF2D08923600939E68 /* content-blocker-service */ = {
			isa = PBXNativeTarget;
			buildConfigurationList = D73B14082D08923600939E68 /* Build configuration list for PBXNativeTarget "content-blocker-service" */;
			buildPhases = (
				D73B13EB2D08923600939E68 /* Headers */,
				D73B13EC2D08923600939E68 /* Sources */,
				D73B13ED2D08923600939E68 /* Frameworks */,
				D73B13EE2D08923600939E68 /* Resources */,
			);
			buildRules = (
			);
			dependencies = (
			);
			fileSystemSynchronizedGroups = (
				D73B13F12D08923600939E68 /* content-blocker-service */,
			);
			name = "content-blocker-service";
			packageProductDependencies = (
				D70B16D92D08D29A000A827C /* ContentBlockerConverter */,
				D71085822D4A7AC200F1E1CF /* ZIPFoundation */,
				D7D092042DB1687F004D5D07 /* ContentBlockerConverter */,
			);
			productName = "content-blocker-service";
			productReference = D73B13F02D08923600939E68 /* content_blocker_service.framework */;
			productType = "com.apple.product-type.framework";
		};
		D768F5A62D084B7F007F39D5 /* safari-blocker */ = {
			isa = PBXNativeTarget;
			buildConfigurationList = D768F5CC2D084B80007F39D5 /* Build configuration list for PBXNativeTarget "safari-blocker" */;
			buildPhases = (
				D768F5A32D084B7F007F39D5 /* Sources */,
				D768F5A42D084B7F007F39D5 /* Frameworks */,
				D768F5A52D084B7F007F39D5 /* Resources */,
				D7BB67A82D084C1100B8A793 /* Embed Foundation Extensions */,
				D73B140B2D08923600939E68 /* Embed Frameworks */,
			);
			buildRules = (
			);
			dependencies = (
				D73B14042D08923600939E68 /* PBXTargetDependency */,
				D70B17162D08D39A000A827C /* PBXTargetDependency */,
				D70B17E72D11939C000A827C /* PBXTargetDependency */,
				D71089092D4CBD0600F1E1CF /* PBXTargetDependency */,
			);
			fileSystemSynchronizedGroups = (
				D73B138E2D086D1400939E68 /* filters */,
				D768F5A92D084B7F007F39D5 /* safari-blocker */,
			);
			name = "safari-blocker";
			packageProductDependencies = (
			);
			productName = "safari-blocker";
			productReference = D768F5A72D084B7F007F39D5 /* safari-blocker.app */;
			productType = "com.apple.product-type.application";
		};
/* End PBXNativeTarget section */

/* Begin PBXProject section */
		D768F59F2D084B7F007F39D5 /* Project object */ = {
			isa = PBXProject;
			attributes = {
				BuildIndependentTargetsInParallel = 1;
				LastSwiftUpdateCheck = 1620;
				LastUpgradeCheck = 1630;
				TargetAttributes = {
					D70B170B2D08D39A000A827C = {
						CreatedOnToolsVersion = 16.0;
					};
					D70B17CE2D11939C000A827C = {
						CreatedOnToolsVersion = 16.0;
					};
					D71088F72D4CBD0500F1E1CF = {
						CreatedOnToolsVersion = 16.0;
					};
					D73756BB2DA8EF2E00067207 = {
						CreatedOnToolsVersion = 16.2;
					};
					D73B13AB2D08902C00939E68 = {
						CreatedOnToolsVersion = 16.0;
					};
					D73B13DA2D08910F00939E68 = {
						CreatedOnToolsVersion = 16.0;
					};
					D73B13EF2D08923600939E68 = {
						CreatedOnToolsVersion = 16.0;
					};
					D768F5A62D084B7F007F39D5 = {
						CreatedOnToolsVersion = 16.0;
					};
				};
			};
			buildConfigurationList = D768F5A22D084B7F007F39D5 /* Build configuration list for PBXProject "safari-blocker" */;
			developmentRegion = en;
			hasScannedForEncodings = 0;
			knownRegions = (
				en,
				Base,
			);
			mainGroup = D768F59E2D084B7F007F39D5;
			minimizedProjectReferenceProxies = 1;
			packageReferences = (
				D71085812D4A7AC200F1E1CF /* XCRemoteSwiftPackageReference "ZipFoundation" */,
				D7D092032DB1687F004D5D07 /* XCRemoteSwiftPackageReference "SafariConverterLib" */,
			);
			preferredProjectObjectVersion = 77;
			productRefGroup = D768F5A82D084B7F007F39D5 /* Products */;
			projectDirPath = "";
			projectRoot = "";
			targets = (
				D768F5A62D084B7F007F39D5 /* safari-blocker */,
				D73B13AB2D08902C00939E68 /* safari-blocker-ios */,
				D70B170B2D08D39A000A827C /* content-blocker */,
				D73B13DA2D08910F00939E68 /* content-blocker-ios */,
				D70B17CE2D11939C000A827C /* web-extension */,
				D73756BB2DA8EF2E00067207 /* web-extension-ios */,
				D71088F72D4CBD0500F1E1CF /* app-extension */,
				D73B13EF2D08923600939E68 /* content-blocker-service */,
			);
		};
/* End PBXProject section */

/* Begin PBXResourcesBuildPhase section */
		D70B170A2D08D39A000A827C /* Resources */ = {
			isa = PBXResourcesBuildPhase;
			buildActionMask = 2147483647;
			files = (
			);
			runOnlyForDeploymentPostprocessing = 0;
		};
		D70B17CD2D11939C000A827C /* Resources */ = {
			isa = PBXResourcesBuildPhase;
			buildActionMask = 2147483647;
			files = (
			);
			runOnlyForDeploymentPostprocessing = 0;
		};
		D71088F62D4CBD0500F1E1CF /* Resources */ = {
			isa = PBXResourcesBuildPhase;
			buildActionMask = 2147483647;
			files = (
			);
			runOnlyForDeploymentPostprocessing = 0;
		};
		D73756BA2DA8EF2E00067207 /* Resources */ = {
			isa = PBXResourcesBuildPhase;
			buildActionMask = 2147483647;
			files = (
			);
			runOnlyForDeploymentPostprocessing = 0;
		};
		D73B13AA2D08902C00939E68 /* Resources */ = {
			isa = PBXResourcesBuildPhase;
			buildActionMask = 2147483647;
			files = (
			);
			runOnlyForDeploymentPostprocessing = 0;
		};
		D73B13D92D08910F00939E68 /* Resources */ = {
			isa = PBXResourcesBuildPhase;
			buildActionMask = 2147483647;
			files = (
			);
			runOnlyForDeploymentPostprocessing = 0;
		};
		D73B13EE2D08923600939E68 /* Resources */ = {
			isa = PBXResourcesBuildPhase;
			buildActionMask = 2147483647;
			files = (
			);
			runOnlyForDeploymentPostprocessing = 0;
		};
		D768F5A52D084B7F007F39D5 /* Resources */ = {
			isa = PBXResourcesBuildPhase;
			buildActionMask = 2147483647;
			files = (
			);
			runOnlyForDeploymentPostprocessing = 0;
		};
/* End PBXResourcesBuildPhase section */

/* Begin PBXSourcesBuildPhase section */
		D70B17082D08D39A000A827C /* Sources */ = {
			isa = PBXSourcesBuildPhase;
			buildActionMask = 2147483647;
			files = (
			);
			runOnlyForDeploymentPostprocessing = 0;
		};
		D70B17CB2D11939C000A827C /* Sources */ = {
			isa = PBXSourcesBuildPhase;
			buildActionMask = 2147483647;
			files = (
			);
			runOnlyForDeploymentPostprocessing = 0;
		};
		D71088F42D4CBD0500F1E1CF /* Sources */ = {
			isa = PBXSourcesBuildPhase;
			buildActionMask = 2147483647;
			files = (
			);
			runOnlyForDeploymentPostprocessing = 0;
		};
		D73756B82DA8EF2E00067207 /* Sources */ = {
			isa = PBXSourcesBuildPhase;
			buildActionMask = 2147483647;
			files = (
			);
			runOnlyForDeploymentPostprocessing = 0;
		};
		D73B13A82D08902C00939E68 /* Sources */ = {
			isa = PBXSourcesBuildPhase;
			buildActionMask = 2147483647;
			files = (
			);
			runOnlyForDeploymentPostprocessing = 0;
		};
		D73B13D72D08910F00939E68 /* Sources */ = {
			isa = PBXSourcesBuildPhase;
			buildActionMask = 2147483647;
			files = (
			);
			runOnlyForDeploymentPostprocessing = 0;
		};
		D73B13EC2D08923600939E68 /* Sources */ = {
			isa = PBXSourcesBuildPhase;
			buildActionMask = 2147483647;
			files = (
			);
			runOnlyForDeploymentPostprocessing = 0;
		};
		D768F5A32D084B7F007F39D5 /* Sources */ = {
			isa = PBXSourcesBuildPhase;
			buildActionMask = 2147483647;
			files = (
			);
			runOnlyForDeploymentPostprocessing = 0;
		};
/* End PBXSourcesBuildPhase section */

/* Begin PBXTargetDependency section */
		D70B17162D08D39A000A827C /* PBXTargetDependency */ = {
			isa = PBXTargetDependency;
			target = D70B170B2D08D39A000A827C /* content-blocker */;
			targetProxy = D70B17152D08D39A000A827C /* PBXContainerItemProxy */;
		};
		D70B171F2D08D3A2000A827C /* PBXTargetDependency */ = {
			isa = PBXTargetDependency;
			target = D73B13EF2D08923600939E68 /* content-blocker-service */;
			targetProxy = D70B171E2D08D3A2000A827C /* PBXContainerItemProxy */;
		};
		D70B17E72D11939C000A827C /* PBXTargetDependency */ = {
			isa = PBXTargetDependency;
			target = D70B17CE2D11939C000A827C /* web-extension */;
			targetProxy = D70B17E62D11939C000A827C /* PBXContainerItemProxy */;
		};
		D710858D2D4A8D4700F1E1CF /* PBXTargetDependency */ = {
			isa = PBXTargetDependency;
			target = D73B13EF2D08923600939E68 /* content-blocker-service */;
			targetProxy = D710858C2D4A8D4700F1E1CF /* PBXContainerItemProxy */;
		};
		D71089092D4CBD0600F1E1CF /* PBXTargetDependency */ = {
			isa = PBXTargetDependency;
			target = D71088F72D4CBD0500F1E1CF /* app-extension */;
			targetProxy = D71089082D4CBD0600F1E1CF /* PBXContainerItemProxy */;
		};
		D71089142D4E90D800F1E1CF /* PBXTargetDependency */ = {
			isa = PBXTargetDependency;
			target = D73B13EF2D08923600939E68 /* content-blocker-service */;
			targetProxy = D71089132D4E90D800F1E1CF /* PBXContainerItemProxy */;
		};
		D73756D32DA8EF3300067207 /* PBXTargetDependency */ = {
			isa = PBXTargetDependency;
			target = D73756BB2DA8EF2E00067207 /* web-extension-ios */;
			targetProxy = D73756D22DA8EF3300067207 /* PBXContainerItemProxy */;
		};
		D737574B2DA8F25400067207 /* PBXTargetDependency */ = {
			isa = PBXTargetDependency;
			target = D73B13EF2D08923600939E68 /* content-blocker-service */;
			targetProxy = D737574A2DA8F25400067207 /* PBXContainerItemProxy */;
		};
		D73B13E32D08910F00939E68 /* PBXTargetDependency */ = {
			isa = PBXTargetDependency;
			target = D73B13DA2D08910F00939E68 /* content-blocker-ios */;
			targetProxy = D73B13E22D08910F00939E68 /* PBXContainerItemProxy */;
		};
		D73B14042D08923600939E68 /* PBXTargetDependency */ = {
			isa = PBXTargetDependency;
			target = D73B13EF2D08923600939E68 /* content-blocker-service */;
			targetProxy = D73B14032D08923600939E68 /* PBXContainerItemProxy */;
		};
		D73B14162D08944200939E68 /* PBXTargetDependency */ = {
			isa = PBXTargetDependency;
			target = D73B13EF2D08923600939E68 /* content-blocker-service */;
			targetProxy = D73B14152D08944200939E68 /* PBXContainerItemProxy */;
		};
		D73B142D2D089A1F00939E68 /* PBXTargetDependency */ = {
			isa = PBXTargetDependency;
			target = D73B13EF2D08923600939E68 /* content-blocker-service */;
			targetProxy = D73B142C2D089A1F00939E68 /* PBXContainerItemProxy */;
		};
/* End PBXTargetDependency section */

/* Begin XCBuildConfiguration section */
		D70B171A2D08D39A000A827C /* Debug */ = {
			isa = XCBuildConfiguration;
			buildSettings = {
				CODE_SIGN_ENTITLEMENTS = "content-blocker/content_blocker.entitlements";
				CODE_SIGN_STYLE = Automatic;
				CURRENT_PROJECT_VERSION = 1;
				DEAD_CODE_STRIPPING = YES;
				GENERATE_INFOPLIST_FILE = YES;
				INFOPLIST_FILE = "content-blocker/Info.plist";
				INFOPLIST_KEY_CFBundleDisplayName = "Content Blocker";
				INFOPLIST_KEY_NSHumanReadableCopyright = "";
				LD_RUNPATH_SEARCH_PATHS = (
					"$(inherited)",
					"@executable_path/../Frameworks",
					"@executable_path/../../../../Frameworks",
				);
				MACOSX_DEPLOYMENT_TARGET = 13.0;
				MARKETING_VERSION = 1.0;
				PRODUCT_BUNDLE_IDENTIFIER = "dev.adguard.safari-blocker.content-blocker";
				PRODUCT_NAME = "$(TARGET_NAME)";
				REGISTER_APP_GROUPS = YES;
				SKIP_INSTALL = YES;
				SWIFT_EMIT_LOC_STRINGS = YES;
				SWIFT_VERSION = 5.0;
			};
			name = Debug;
		};
		D70B171B2D08D39A000A827C /* Release */ = {
			isa = XCBuildConfiguration;
			buildSettings = {
				CODE_SIGN_ENTITLEMENTS = "content-blocker/content_blocker.entitlements";
				CODE_SIGN_STYLE = Automatic;
				CURRENT_PROJECT_VERSION = 1;
				DEAD_CODE_STRIPPING = YES;
				GENERATE_INFOPLIST_FILE = YES;
				INFOPLIST_FILE = "content-blocker/Info.plist";
				INFOPLIST_KEY_CFBundleDisplayName = "Content Blocker";
				INFOPLIST_KEY_NSHumanReadableCopyright = "";
				LD_RUNPATH_SEARCH_PATHS = (
					"$(inherited)",
					"@executable_path/../Frameworks",
					"@executable_path/../../../../Frameworks",
				);
				MACOSX_DEPLOYMENT_TARGET = 13.0;
				MARKETING_VERSION = 1.0;
				PRODUCT_BUNDLE_IDENTIFIER = "dev.adguard.safari-blocker.content-blocker";
				PRODUCT_NAME = "$(TARGET_NAME)";
				REGISTER_APP_GROUPS = YES;
				SKIP_INSTALL = YES;
				SWIFT_EMIT_LOC_STRINGS = YES;
				SWIFT_VERSION = 5.0;
			};
			name = Release;
		};
		D70B17E92D11939C000A827C /* Debug */ = {
			isa = XCBuildConfiguration;
			buildSettings = {
				CODE_SIGN_ENTITLEMENTS = "web-extension/web_extension.entitlements";
				CODE_SIGN_STYLE = Automatic;
				CURRENT_PROJECT_VERSION = 1;
				DEAD_CODE_STRIPPING = YES;
				ENABLE_HARDENED_RUNTIME = YES;
				GENERATE_INFOPLIST_FILE = YES;
				INFOPLIST_FILE = "web-extension/Info.plist";
				INFOPLIST_KEY_CFBundleDisplayName = "Web Extension";
				INFOPLIST_KEY_NSHumanReadableCopyright = "";
				LD_RUNPATH_SEARCH_PATHS = (
					"$(inherited)",
					"@executable_path/../Frameworks",
					"@executable_path/../../../../Frameworks",
				);
				MACOSX_DEPLOYMENT_TARGET = 11.0;
				MARKETING_VERSION = 1.0;
				OTHER_LDFLAGS = (
					"-framework",
					SafariServices,
				);
				PRODUCT_BUNDLE_IDENTIFIER = "dev.adguard.safari-blocker.web-extension";
				PRODUCT_NAME = "$(TARGET_NAME)";
				REGISTER_APP_GROUPS = YES;
				SKIP_INSTALL = YES;
				SWIFT_EMIT_LOC_STRINGS = YES;
				SWIFT_VERSION = 5.0;
			};
			name = Debug;
		};
		D70B17EA2D11939C000A827C /* Release */ = {
			isa = XCBuildConfiguration;
			buildSettings = {
				CODE_SIGN_ENTITLEMENTS = "web-extension/web_extension.entitlements";
				CODE_SIGN_STYLE = Automatic;
				CURRENT_PROJECT_VERSION = 1;
				DEAD_CODE_STRIPPING = YES;
				ENABLE_HARDENED_RUNTIME = YES;
				GENERATE_INFOPLIST_FILE = YES;
				INFOPLIST_FILE = "web-extension/Info.plist";
				INFOPLIST_KEY_CFBundleDisplayName = "Web Extension";
				INFOPLIST_KEY_NSHumanReadableCopyright = "";
				LD_RUNPATH_SEARCH_PATHS = (
					"$(inherited)",
					"@executable_path/../Frameworks",
					"@executable_path/../../../../Frameworks",
				);
				MACOSX_DEPLOYMENT_TARGET = 11.0;
				MARKETING_VERSION = 1.0;
				OTHER_LDFLAGS = (
					"-framework",
					SafariServices,
				);
				PRODUCT_BUNDLE_IDENTIFIER = "dev.adguard.safari-blocker.web-extension";
				PRODUCT_NAME = "$(TARGET_NAME)";
				REGISTER_APP_GROUPS = YES;
				SKIP_INSTALL = YES;
				SWIFT_EMIT_LOC_STRINGS = YES;
				SWIFT_VERSION = 5.0;
			};
			name = Release;
		};
		D710890B2D4CBD0600F1E1CF /* Debug */ = {
			isa = XCBuildConfiguration;
			buildSettings = {
				CODE_SIGN_ENTITLEMENTS = "app-extension/app_extension.entitlements";
				CODE_SIGN_STYLE = Automatic;
				CURRENT_PROJECT_VERSION = 1;
				DEAD_CODE_STRIPPING = YES;
				ENABLE_HARDENED_RUNTIME = YES;
				GENERATE_INFOPLIST_FILE = YES;
				INFOPLIST_FILE = "app-extension/Info.plist";
				INFOPLIST_KEY_CFBundleDisplayName = "App Extension";
				INFOPLIST_KEY_NSHumanReadableCopyright = "";
				LD_RUNPATH_SEARCH_PATHS = (
					"$(inherited)",
					"@executable_path/../Frameworks",
					"@executable_path/../../../../Frameworks",
				);
				MACOSX_DEPLOYMENT_TARGET = 13.0;
				MARKETING_VERSION = 1.0;
				OTHER_LDFLAGS = (
					"-framework",
					SafariServices,
				);
				PRODUCT_BUNDLE_IDENTIFIER = "dev.adguard.safari-blocker.app-extension";
				PRODUCT_NAME = "$(TARGET_NAME)";
				REGISTER_APP_GROUPS = YES;
				SKIP_INSTALL = YES;
				SWIFT_EMIT_LOC_STRINGS = YES;
				SWIFT_VERSION = 5.0;
			};
			name = Debug;
		};
		D710890C2D4CBD0600F1E1CF /* Release */ = {
			isa = XCBuildConfiguration;
			buildSettings = {
				CODE_SIGN_ENTITLEMENTS = "app-extension/app_extension.entitlements";
				CODE_SIGN_STYLE = Automatic;
				CURRENT_PROJECT_VERSION = 1;
				DEAD_CODE_STRIPPING = YES;
				ENABLE_HARDENED_RUNTIME = YES;
				GENERATE_INFOPLIST_FILE = YES;
				INFOPLIST_FILE = "app-extension/Info.plist";
				INFOPLIST_KEY_CFBundleDisplayName = "App Extension";
				INFOPLIST_KEY_NSHumanReadableCopyright = "";
				LD_RUNPATH_SEARCH_PATHS = (
					"$(inherited)",
					"@executable_path/../Frameworks",
					"@executable_path/../../../../Frameworks",
				);
				MACOSX_DEPLOYMENT_TARGET = 13.0;
				MARKETING_VERSION = 1.0;
				OTHER_LDFLAGS = (
					"-framework",
					SafariServices,
				);
				PRODUCT_BUNDLE_IDENTIFIER = "dev.adguard.safari-blocker.app-extension";
				PRODUCT_NAME = "$(TARGET_NAME)";
				REGISTER_APP_GROUPS = YES;
				SKIP_INSTALL = YES;
				SWIFT_EMIT_LOC_STRINGS = YES;
				SWIFT_VERSION = 5.0;
			};
			name = Release;
		};
		D73756D62DA8EF3300067207 /* Debug */ = {
			isa = XCBuildConfiguration;
			buildSettings = {
				CODE_SIGN_ENTITLEMENTS = "web-extension-ios/web-extension-ios.entitlements";
				CODE_SIGN_STYLE = Automatic;
				CURRENT_PROJECT_VERSION = 1;
				GENERATE_INFOPLIST_FILE = YES;
				INFOPLIST_FILE = "web-extension-ios/Info.plist";
				INFOPLIST_KEY_CFBundleDisplayName = "Web Extension";
				INFOPLIST_KEY_NSHumanReadableCopyright = "";
				IPHONEOS_DEPLOYMENT_TARGET = 18.2;
				LD_RUNPATH_SEARCH_PATHS = (
					"$(inherited)",
					"@executable_path/Frameworks",
					"@executable_path/../../Frameworks",
				);
				MARKETING_VERSION = 1.0;
				OTHER_LDFLAGS = (
					"-framework",
					SafariServices,
				);
				PRODUCT_BUNDLE_IDENTIFIER = "dev.adguard.safari-blocker-ios.web-extension-ios";
				PRODUCT_NAME = "$(TARGET_NAME)";
				SDKROOT = iphoneos;
				SKIP_INSTALL = YES;
				SWIFT_EMIT_LOC_STRINGS = YES;
				SWIFT_VERSION = 5.0;
				TARGETED_DEVICE_FAMILY = "1,2";
			};
			name = Debug;
		};
		D73756D72DA8EF3300067207 /* Release */ = {
			isa = XCBuildConfiguration;
			buildSettings = {
				CODE_SIGN_ENTITLEMENTS = "web-extension-ios/web-extension-ios.entitlements";
				CODE_SIGN_STYLE = Automatic;
				CURRENT_PROJECT_VERSION = 1;
				GENERATE_INFOPLIST_FILE = YES;
				INFOPLIST_FILE = "web-extension-ios/Info.plist";
				INFOPLIST_KEY_CFBundleDisplayName = "Web Extension";
				INFOPLIST_KEY_NSHumanReadableCopyright = "";
				IPHONEOS_DEPLOYMENT_TARGET = 18.2;
				LD_RUNPATH_SEARCH_PATHS = (
					"$(inherited)",
					"@executable_path/Frameworks",
					"@executable_path/../../Frameworks",
				);
				MARKETING_VERSION = 1.0;
				OTHER_LDFLAGS = (
					"-framework",
					SafariServices,
				);
				PRODUCT_BUNDLE_IDENTIFIER = "dev.adguard.safari-blocker-ios.web-extension-ios";
				PRODUCT_NAME = "$(TARGET_NAME)";
				SDKROOT = iphoneos;
				SKIP_INSTALL = YES;
				SWIFT_EMIT_LOC_STRINGS = YES;
				SWIFT_VERSION = 5.0;
				TARGETED_DEVICE_FAMILY = "1,2";
				VALIDATE_PRODUCT = YES;
			};
			name = Release;
		};
		D73B13CE2D08902E00939E68 /* Debug */ = {
			isa = XCBuildConfiguration;
			buildSettings = {
				ASSETCATALOG_COMPILER_APPICON_NAME = AppIcon;
				ASSETCATALOG_COMPILER_GLOBAL_ACCENT_COLOR_NAME = AccentColor;
				CODE_SIGN_ENTITLEMENTS = "safari-blocker-ios/safari-blocker-ios.entitlements";
				CODE_SIGN_STYLE = Automatic;
				CURRENT_PROJECT_VERSION = 1;
				DEVELOPMENT_ASSET_PATHS = "\"safari-blocker-ios/Preview Content\"";
				ENABLE_PREVIEWS = YES;
				GENERATE_INFOPLIST_FILE = YES;
				INFOPLIST_KEY_CFBundleDisplayName = "Safari Content Blocker";
				INFOPLIST_KEY_UIApplicationSceneManifest_Generation = YES;
				INFOPLIST_KEY_UIApplicationSupportsIndirectInputEvents = YES;
				INFOPLIST_KEY_UILaunchScreen_Generation = YES;
				INFOPLIST_KEY_UISupportedInterfaceOrientations_iPad = "UIInterfaceOrientationPortrait UIInterfaceOrientationPortraitUpsideDown UIInterfaceOrientationLandscapeLeft UIInterfaceOrientationLandscapeRight";
				INFOPLIST_KEY_UISupportedInterfaceOrientations_iPhone = "UIInterfaceOrientationPortrait UIInterfaceOrientationLandscapeLeft UIInterfaceOrientationLandscapeRight";
				IPHONEOS_DEPLOYMENT_TARGET = 16.0;
				LD_RUNPATH_SEARCH_PATHS = (
					"$(inherited)",
					"@executable_path/Frameworks",
				);
				MARKETING_VERSION = 1.0;
				PRODUCT_BUNDLE_IDENTIFIER = "dev.adguard.safari-blocker-ios";
				PRODUCT_NAME = "$(TARGET_NAME)";
				SDKROOT = iphoneos;
				SWIFT_EMIT_LOC_STRINGS = YES;
				SWIFT_VERSION = 5.0;
				TARGETED_DEVICE_FAMILY = "1,2";
			};
			name = Debug;
		};
		D73B13CF2D08902E00939E68 /* Release */ = {
			isa = XCBuildConfiguration;
			buildSettings = {
				ASSETCATALOG_COMPILER_APPICON_NAME = AppIcon;
				ASSETCATALOG_COMPILER_GLOBAL_ACCENT_COLOR_NAME = AccentColor;
				CODE_SIGN_ENTITLEMENTS = "safari-blocker-ios/safari-blocker-ios.entitlements";
				CODE_SIGN_STYLE = Automatic;
				CURRENT_PROJECT_VERSION = 1;
				DEVELOPMENT_ASSET_PATHS = "\"safari-blocker-ios/Preview Content\"";
				ENABLE_PREVIEWS = YES;
				GENERATE_INFOPLIST_FILE = YES;
				INFOPLIST_KEY_CFBundleDisplayName = "Safari Content Blocker";
				INFOPLIST_KEY_UIApplicationSceneManifest_Generation = YES;
				INFOPLIST_KEY_UIApplicationSupportsIndirectInputEvents = YES;
				INFOPLIST_KEY_UILaunchScreen_Generation = YES;
				INFOPLIST_KEY_UISupportedInterfaceOrientations_iPad = "UIInterfaceOrientationPortrait UIInterfaceOrientationPortraitUpsideDown UIInterfaceOrientationLandscapeLeft UIInterfaceOrientationLandscapeRight";
				INFOPLIST_KEY_UISupportedInterfaceOrientations_iPhone = "UIInterfaceOrientationPortrait UIInterfaceOrientationLandscapeLeft UIInterfaceOrientationLandscapeRight";
				IPHONEOS_DEPLOYMENT_TARGET = 16.0;
				LD_RUNPATH_SEARCH_PATHS = (
					"$(inherited)",
					"@executable_path/Frameworks",
				);
				MARKETING_VERSION = 1.0;
				PRODUCT_BUNDLE_IDENTIFIER = "dev.adguard.safari-blocker-ios";
				PRODUCT_NAME = "$(TARGET_NAME)";
				SDKROOT = iphoneos;
				SWIFT_EMIT_LOC_STRINGS = YES;
				SWIFT_VERSION = 5.0;
				TARGETED_DEVICE_FAMILY = "1,2";
				VALIDATE_PRODUCT = YES;
			};
			name = Release;
		};
		D73B13E72D08910F00939E68 /* Debug */ = {
			isa = XCBuildConfiguration;
			buildSettings = {
				CODE_SIGN_ENTITLEMENTS = "content-blocker-ios/content-blocker-ios.entitlements";
				CODE_SIGN_STYLE = Automatic;
				CURRENT_PROJECT_VERSION = 1;
				GENERATE_INFOPLIST_FILE = YES;
				INFOPLIST_FILE = "content-blocker-ios/Info.plist";
				INFOPLIST_KEY_CFBundleDisplayName = "Content Blocker";
				INFOPLIST_KEY_NSHumanReadableCopyright = "";
				IPHONEOS_DEPLOYMENT_TARGET = 15.0;
				LD_RUNPATH_SEARCH_PATHS = (
					"$(inherited)",
					"@executable_path/Frameworks",
					"@executable_path/../../Frameworks",
				);
				MARKETING_VERSION = 1.0;
				PRODUCT_BUNDLE_IDENTIFIER = "dev.adguard.safari-blocker-ios.content-blocker-ios";
				PRODUCT_NAME = "$(TARGET_NAME)";
				SDKROOT = iphoneos;
				SKIP_INSTALL = YES;
				SWIFT_EMIT_LOC_STRINGS = YES;
				SWIFT_VERSION = 5.0;
				TARGETED_DEVICE_FAMILY = "1,2";
			};
			name = Debug;
		};
		D73B13E82D08910F00939E68 /* Release */ = {
			isa = XCBuildConfiguration;
			buildSettings = {
				CODE_SIGN_ENTITLEMENTS = "content-blocker-ios/content-blocker-ios.entitlements";
				CODE_SIGN_STYLE = Automatic;
				CURRENT_PROJECT_VERSION = 1;
				GENERATE_INFOPLIST_FILE = YES;
				INFOPLIST_FILE = "content-blocker-ios/Info.plist";
				INFOPLIST_KEY_CFBundleDisplayName = "Content Blocker";
				INFOPLIST_KEY_NSHumanReadableCopyright = "";
				IPHONEOS_DEPLOYMENT_TARGET = 15.0;
				LD_RUNPATH_SEARCH_PATHS = (
					"$(inherited)",
					"@executable_path/Frameworks",
					"@executable_path/../../Frameworks",
				);
				MARKETING_VERSION = 1.0;
				PRODUCT_BUNDLE_IDENTIFIER = "dev.adguard.safari-blocker-ios.content-blocker-ios";
				PRODUCT_NAME = "$(TARGET_NAME)";
				SDKROOT = iphoneos;
				SKIP_INSTALL = YES;
				SWIFT_EMIT_LOC_STRINGS = YES;
				SWIFT_VERSION = 5.0;
				TARGETED_DEVICE_FAMILY = "1,2";
				VALIDATE_PRODUCT = YES;
			};
			name = Release;
		};
		D73B14092D08923600939E68 /* Debug */ = {
			isa = XCBuildConfiguration;
			buildSettings = {
				ALLOW_TARGET_PLATFORM_SPECIALIZATION = YES;
				BUILD_LIBRARY_FOR_DISTRIBUTION = YES;
				CODE_SIGN_IDENTITY = "";
				CODE_SIGN_STYLE = Automatic;
				CURRENT_PROJECT_VERSION = 1;
				DEAD_CODE_STRIPPING = YES;
				DEFINES_MODULE = YES;
				DYLIB_COMPATIBILITY_VERSION = 1;
				DYLIB_CURRENT_VERSION = 1;
				DYLIB_INSTALL_NAME_BASE = "@rpath";
				ENABLE_MODULE_VERIFIER = YES;
				GENERATE_INFOPLIST_FILE = YES;
				INFOPLIST_KEY_NSHumanReadableCopyright = "";
				INSTALL_PATH = "$(LOCAL_LIBRARY_DIR)/Frameworks";
				IPHONEOS_DEPLOYMENT_TARGET = 15.6;
				LD_RUNPATH_SEARCH_PATHS = (
					"@executable_path/Frameworks",
					"@loader_path/Frameworks",
				);
				"LD_RUNPATH_SEARCH_PATHS[sdk=macosx*]" = (
					"@executable_path/../Frameworks",
					"@loader_path/Frameworks",
				);
				MACOSX_DEPLOYMENT_TARGET = 11.5;
				MARKETING_VERSION = 1.0;
				MODULE_VERIFIER_SUPPORTED_LANGUAGES = "objective-c objective-c++";
				MODULE_VERIFIER_SUPPORTED_LANGUAGE_STANDARDS = "gnu17 gnu++20";
				PRODUCT_BUNDLE_IDENTIFIER = "dev.adguard.safari-blocker-ios.content-blocker-service";
				PRODUCT_NAME = "$(TARGET_NAME:c99extidentifier)";
				SDKROOT = auto;
				SKIP_INSTALL = YES;
				SUPPORTED_PLATFORMS = "iphoneos iphonesimulator macosx xros xrsimulator";
				SWIFT_EMIT_LOC_STRINGS = YES;
				SWIFT_INSTALL_OBJC_HEADER = NO;
				SWIFT_VERSION = 5.0;
				TARGETED_DEVICE_FAMILY = "1,2,7";
				VERSIONING_SYSTEM = "apple-generic";
				VERSION_INFO_PREFIX = "";
				XROS_DEPLOYMENT_TARGET = 2.0;
			};
			name = Debug;
		};
		D73B140A2D08923600939E68 /* Release */ = {
			isa = XCBuildConfiguration;
			buildSettings = {
				ALLOW_TARGET_PLATFORM_SPECIALIZATION = YES;
				BUILD_LIBRARY_FOR_DISTRIBUTION = YES;
				CODE_SIGN_IDENTITY = "";
				CODE_SIGN_STYLE = Automatic;
				CURRENT_PROJECT_VERSION = 1;
				DEAD_CODE_STRIPPING = YES;
				DEFINES_MODULE = YES;
				DYLIB_COMPATIBILITY_VERSION = 1;
				DYLIB_CURRENT_VERSION = 1;
				DYLIB_INSTALL_NAME_BASE = "@rpath";
				ENABLE_MODULE_VERIFIER = YES;
				GENERATE_INFOPLIST_FILE = YES;
				INFOPLIST_KEY_NSHumanReadableCopyright = "";
				INSTALL_PATH = "$(LOCAL_LIBRARY_DIR)/Frameworks";
				IPHONEOS_DEPLOYMENT_TARGET = 15.6;
				LD_RUNPATH_SEARCH_PATHS = (
					"@executable_path/Frameworks",
					"@loader_path/Frameworks",
				);
				"LD_RUNPATH_SEARCH_PATHS[sdk=macosx*]" = (
					"@executable_path/../Frameworks",
					"@loader_path/Frameworks",
				);
				MACOSX_DEPLOYMENT_TARGET = 11.5;
				MARKETING_VERSION = 1.0;
				MODULE_VERIFIER_SUPPORTED_LANGUAGES = "objective-c objective-c++";
				MODULE_VERIFIER_SUPPORTED_LANGUAGE_STANDARDS = "gnu17 gnu++20";
				PRODUCT_BUNDLE_IDENTIFIER = "dev.adguard.safari-blocker-ios.content-blocker-service";
				PRODUCT_NAME = "$(TARGET_NAME:c99extidentifier)";
				SDKROOT = auto;
				SKIP_INSTALL = YES;
				SUPPORTED_PLATFORMS = "iphoneos iphonesimulator macosx xros xrsimulator";
				SWIFT_EMIT_LOC_STRINGS = YES;
				SWIFT_INSTALL_OBJC_HEADER = NO;
				SWIFT_VERSION = 5.0;
				TARGETED_DEVICE_FAMILY = "1,2,7";
				VERSIONING_SYSTEM = "apple-generic";
				VERSION_INFO_PREFIX = "";
				XROS_DEPLOYMENT_TARGET = 2.0;
			};
			name = Release;
		};
		D768F5CA2D084B80007F39D5 /* Debug */ = {
			isa = XCBuildConfiguration;
			buildSettings = {
				ALWAYS_SEARCH_USER_PATHS = NO;
				ASSETCATALOG_COMPILER_GENERATE_SWIFT_ASSET_SYMBOL_EXTENSIONS = YES;
				CLANG_ANALYZER_NONNULL = YES;
				CLANG_ANALYZER_NUMBER_OBJECT_CONVERSION = YES_AGGRESSIVE;
				CLANG_CXX_LANGUAGE_STANDARD = "gnu++20";
				CLANG_ENABLE_MODULES = YES;
				CLANG_ENABLE_OBJC_ARC = YES;
				CLANG_ENABLE_OBJC_WEAK = YES;
				CLANG_WARN_BLOCK_CAPTURE_AUTORELEASING = YES;
				CLANG_WARN_BOOL_CONVERSION = YES;
				CLANG_WARN_COMMA = YES;
				CLANG_WARN_CONSTANT_CONVERSION = YES;
				CLANG_WARN_DEPRECATED_OBJC_IMPLEMENTATIONS = YES;
				CLANG_WARN_DIRECT_OBJC_ISA_USAGE = YES_ERROR;
				CLANG_WARN_DOCUMENTATION_COMMENTS = YES;
				CLANG_WARN_EMPTY_BODY = YES;
				CLANG_WARN_ENUM_CONVERSION = YES;
				CLANG_WARN_INFINITE_RECURSION = YES;
				CLANG_WARN_INT_CONVERSION = YES;
				CLANG_WARN_NON_LITERAL_NULL_CONVERSION = YES;
				CLANG_WARN_OBJC_IMPLICIT_RETAIN_SELF = YES;
				CLANG_WARN_OBJC_LITERAL_CONVERSION = YES;
				CLANG_WARN_OBJC_ROOT_CLASS = YES_ERROR;
				CLANG_WARN_QUOTED_INCLUDE_IN_FRAMEWORK_HEADER = YES;
				CLANG_WARN_RANGE_LOOP_ANALYSIS = YES;
				CLANG_WARN_STRICT_PROTOTYPES = YES;
				CLANG_WARN_SUSPICIOUS_MOVE = YES;
				CLANG_WARN_UNGUARDED_AVAILABILITY = YES_AGGRESSIVE;
				CLANG_WARN_UNREACHABLE_CODE = YES;
				CLANG_WARN__DUPLICATE_METHOD_MATCH = YES;
				COPY_PHASE_STRIP = NO;
				DEAD_CODE_STRIPPING = YES;
				DEBUG_INFORMATION_FORMAT = dwarf;
				DEVELOPMENT_TEAM = 4EXD6AB86D;
				ENABLE_STRICT_OBJC_MSGSEND = YES;
				ENABLE_TESTABILITY = YES;
				ENABLE_USER_SCRIPT_SANDBOXING = YES;
				GCC_C_LANGUAGE_STANDARD = gnu17;
				GCC_DYNAMIC_NO_PIC = NO;
				GCC_NO_COMMON_BLOCKS = YES;
				GCC_OPTIMIZATION_LEVEL = 0;
				GCC_PREPROCESSOR_DEFINITIONS = (
					"DEBUG=1",
					"$(inherited)",
				);
				GCC_WARN_64_TO_32_BIT_CONVERSION = YES;
				GCC_WARN_ABOUT_RETURN_TYPE = YES_ERROR;
				GCC_WARN_UNDECLARED_SELECTOR = YES;
				GCC_WARN_UNINITIALIZED_AUTOS = YES_AGGRESSIVE;
				GCC_WARN_UNUSED_FUNCTION = YES;
				GCC_WARN_UNUSED_VARIABLE = YES;
				LOCALIZATION_PREFERS_STRING_CATALOGS = YES;
				MACOSX_DEPLOYMENT_TARGET = 15.0;
				MTL_ENABLE_DEBUG_INFO = INCLUDE_SOURCE;
				MTL_FAST_MATH = YES;
				ONLY_ACTIVE_ARCH = YES;
				SDKROOT = macosx;
				SWIFT_ACTIVE_COMPILATION_CONDITIONS = "DEBUG $(inherited)";
				SWIFT_OPTIMIZATION_LEVEL = "-Onone";
			};
			name = Debug;
		};
		D768F5CB2D084B80007F39D5 /* Release */ = {
			isa = XCBuildConfiguration;
			buildSettings = {
				ALWAYS_SEARCH_USER_PATHS = NO;
				ASSETCATALOG_COMPILER_GENERATE_SWIFT_ASSET_SYMBOL_EXTENSIONS = YES;
				CLANG_ANALYZER_NONNULL = YES;
				CLANG_ANALYZER_NUMBER_OBJECT_CONVERSION = YES_AGGRESSIVE;
				CLANG_CXX_LANGUAGE_STANDARD = "gnu++20";
				CLANG_ENABLE_MODULES = YES;
				CLANG_ENABLE_OBJC_ARC = YES;
				CLANG_ENABLE_OBJC_WEAK = YES;
				CLANG_WARN_BLOCK_CAPTURE_AUTORELEASING = YES;
				CLANG_WARN_BOOL_CONVERSION = YES;
				CLANG_WARN_COMMA = YES;
				CLANG_WARN_CONSTANT_CONVERSION = YES;
				CLANG_WARN_DEPRECATED_OBJC_IMPLEMENTATIONS = YES;
				CLANG_WARN_DIRECT_OBJC_ISA_USAGE = YES_ERROR;
				CLANG_WARN_DOCUMENTATION_COMMENTS = YES;
				CLANG_WARN_EMPTY_BODY = YES;
				CLANG_WARN_ENUM_CONVERSION = YES;
				CLANG_WARN_INFINITE_RECURSION = YES;
				CLANG_WARN_INT_CONVERSION = YES;
				CLANG_WARN_NON_LITERAL_NULL_CONVERSION = YES;
				CLANG_WARN_OBJC_IMPLICIT_RETAIN_SELF = YES;
				CLANG_WARN_OBJC_LITERAL_CONVERSION = YES;
				CLANG_WARN_OBJC_ROOT_CLASS = YES_ERROR;
				CLANG_WARN_QUOTED_INCLUDE_IN_FRAMEWORK_HEADER = YES;
				CLANG_WARN_RANGE_LOOP_ANALYSIS = YES;
				CLANG_WARN_STRICT_PROTOTYPES = YES;
				CLANG_WARN_SUSPICIOUS_MOVE = YES;
				CLANG_WARN_UNGUARDED_AVAILABILITY = YES_AGGRESSIVE;
				CLANG_WARN_UNREACHABLE_CODE = YES;
				CLANG_WARN__DUPLICATE_METHOD_MATCH = YES;
				COPY_PHASE_STRIP = NO;
				DEAD_CODE_STRIPPING = YES;
				DEBUG_INFORMATION_FORMAT = "dwarf-with-dsym";
				DEVELOPMENT_TEAM = 4EXD6AB86D;
				ENABLE_NS_ASSERTIONS = NO;
				ENABLE_STRICT_OBJC_MSGSEND = YES;
				ENABLE_USER_SCRIPT_SANDBOXING = YES;
				GCC_C_LANGUAGE_STANDARD = gnu17;
				GCC_NO_COMMON_BLOCKS = YES;
				GCC_WARN_64_TO_32_BIT_CONVERSION = YES;
				GCC_WARN_ABOUT_RETURN_TYPE = YES_ERROR;
				GCC_WARN_UNDECLARED_SELECTOR = YES;
				GCC_WARN_UNINITIALIZED_AUTOS = YES_AGGRESSIVE;
				GCC_WARN_UNUSED_FUNCTION = YES;
				GCC_WARN_UNUSED_VARIABLE = YES;
				LOCALIZATION_PREFERS_STRING_CATALOGS = YES;
				MACOSX_DEPLOYMENT_TARGET = 15.0;
				MTL_ENABLE_DEBUG_INFO = NO;
				MTL_FAST_MATH = YES;
				SDKROOT = macosx;
				SWIFT_COMPILATION_MODE = wholemodule;
			};
			name = Release;
		};
		D768F5CD2D084B80007F39D5 /* Debug */ = {
			isa = XCBuildConfiguration;
			buildSettings = {
				ASSETCATALOG_COMPILER_APPICON_NAME = AppIcon;
				ASSETCATALOG_COMPILER_GLOBAL_ACCENT_COLOR_NAME = AccentColor;
				ASSETCATALOG_COMPILER_INCLUDE_ALL_APPICON_ASSETS = YES;
				CODE_SIGN_ENTITLEMENTS = "safari-blocker/safari_blocker.entitlements";
				CODE_SIGN_STYLE = Automatic;
				COMBINE_HIDPI_IMAGES = YES;
				CURRENT_PROJECT_VERSION = 1;
				DEAD_CODE_STRIPPING = YES;
				DEVELOPMENT_ASSET_PATHS = "\"safari-blocker/Preview Content\"";
				ENABLE_PREVIEWS = YES;
				GENERATE_INFOPLIST_FILE = YES;
				INFOPLIST_FILE = "safari-blocker/Info.plist";
				INFOPLIST_KEY_CFBundleDisplayName = "Safari Content Blocker";
				INFOPLIST_KEY_NSHumanReadableCopyright = "";
				LD_RUNPATH_SEARCH_PATHS = (
					"$(inherited)",
					"@executable_path/../Frameworks",
				);
				MACOSX_DEPLOYMENT_TARGET = 13.0;
				MARKETING_VERSION = 1.0;
				PRODUCT_BUNDLE_IDENTIFIER = "dev.adguard.safari-blocker";
				PRODUCT_NAME = "$(TARGET_NAME)";
				REGISTER_APP_GROUPS = YES;
				SWIFT_EMIT_LOC_STRINGS = YES;
				SWIFT_VERSION = 5.0;
			};
			name = Debug;
		};
		D768F5CE2D084B80007F39D5 /* Release */ = {
			isa = XCBuildConfiguration;
			buildSettings = {
				ASSETCATALOG_COMPILER_APPICON_NAME = AppIcon;
				ASSETCATALOG_COMPILER_GLOBAL_ACCENT_COLOR_NAME = AccentColor;
				ASSETCATALOG_COMPILER_INCLUDE_ALL_APPICON_ASSETS = YES;
				CODE_SIGN_ENTITLEMENTS = "safari-blocker/safari_blocker.entitlements";
				CODE_SIGN_STYLE = Automatic;
				COMBINE_HIDPI_IMAGES = YES;
				CURRENT_PROJECT_VERSION = 1;
				DEAD_CODE_STRIPPING = YES;
				DEVELOPMENT_ASSET_PATHS = "\"safari-blocker/Preview Content\"";
				ENABLE_PREVIEWS = YES;
				GENERATE_INFOPLIST_FILE = YES;
				INFOPLIST_FILE = "safari-blocker/Info.plist";
				INFOPLIST_KEY_CFBundleDisplayName = "Safari Content Blocker";
				INFOPLIST_KEY_NSHumanReadableCopyright = "";
				LD_RUNPATH_SEARCH_PATHS = (
					"$(inherited)",
					"@executable_path/../Frameworks",
				);
				MACOSX_DEPLOYMENT_TARGET = 13.0;
				MARKETING_VERSION = 1.0;
				PRODUCT_BUNDLE_IDENTIFIER = "dev.adguard.safari-blocker";
				PRODUCT_NAME = "$(TARGET_NAME)";
				REGISTER_APP_GROUPS = YES;
				SWIFT_EMIT_LOC_STRINGS = YES;
				SWIFT_VERSION = 5.0;
			};
			name = Release;
		};
/* End XCBuildConfiguration section */

/* Begin XCConfigurationList section */
		D70B17192D08D39A000A827C /* Build configuration list for PBXNativeTarget "content-blocker" */ = {
			isa = XCConfigurationList;
			buildConfigurations = (
				D70B171A2D08D39A000A827C /* Debug */,
				D70B171B2D08D39A000A827C /* Release */,
			);
			defaultConfigurationIsVisible = 0;
			defaultConfigurationName = Release;
		};
		D70B17EB2D11939C000A827C /* Build configuration list for PBXNativeTarget "web-extension" */ = {
			isa = XCConfigurationList;
			buildConfigurations = (
				D70B17E92D11939C000A827C /* Debug */,
				D70B17EA2D11939C000A827C /* Release */,
			);
			defaultConfigurationIsVisible = 0;
			defaultConfigurationName = Release;
		};
		D710890D2D4CBD0600F1E1CF /* Build configuration list for PBXNativeTarget "app-extension" */ = {
			isa = XCConfigurationList;
			buildConfigurations = (
				D710890B2D4CBD0600F1E1CF /* Debug */,
				D710890C2D4CBD0600F1E1CF /* Release */,
			);
			defaultConfigurationIsVisible = 0;
			defaultConfigurationName = Release;
		};
		D73756D52DA8EF3300067207 /* Build configuration list for PBXNativeTarget "web-extension-ios" */ = {
			isa = XCConfigurationList;
			buildConfigurations = (
				D73756D62DA8EF3300067207 /* Debug */,
				D73756D72DA8EF3300067207 /* Release */,
			);
			defaultConfigurationIsVisible = 0;
			defaultConfigurationName = Release;
		};
		D73B13CD2D08902E00939E68 /* Build configuration list for PBXNativeTarget "safari-blocker-ios" */ = {
			isa = XCConfigurationList;
			buildConfigurations = (
				D73B13CE2D08902E00939E68 /* Debug */,
				D73B13CF2D08902E00939E68 /* Release */,
			);
			defaultConfigurationIsVisible = 0;
			defaultConfigurationName = Release;
		};
		D73B13E62D08910F00939E68 /* Build configuration list for PBXNativeTarget "content-blocker-ios" */ = {
			isa = XCConfigurationList;
			buildConfigurations = (
				D73B13E72D08910F00939E68 /* Debug */,
				D73B13E82D08910F00939E68 /* Release */,
			);
			defaultConfigurationIsVisible = 0;
			defaultConfigurationName = Release;
		};
		D73B14082D08923600939E68 /* Build configuration list for PBXNativeTarget "content-blocker-service" */ = {
			isa = XCConfigurationList;
			buildConfigurations = (
				D73B14092D08923600939E68 /* Debug */,
				D73B140A2D08923600939E68 /* Release */,
			);
			defaultConfigurationIsVisible = 0;
			defaultConfigurationName = Release;
		};
		D768F5A22D084B7F007F39D5 /* Build configuration list for PBXProject "safari-blocker" */ = {
			isa = XCConfigurationList;
			buildConfigurations = (
				D768F5CA2D084B80007F39D5 /* Debug */,
				D768F5CB2D084B80007F39D5 /* Release */,
			);
			defaultConfigurationIsVisible = 0;
			defaultConfigurationName = Release;
		};
		D768F5CC2D084B80007F39D5 /* Build configuration list for PBXNativeTarget "safari-blocker" */ = {
			isa = XCConfigurationList;
			buildConfigurations = (
				D768F5CD2D084B80007F39D5 /* Debug */,
				D768F5CE2D084B80007F39D5 /* Release */,
			);
			defaultConfigurationIsVisible = 0;
			defaultConfigurationName = Release;
		};
/* End XCConfigurationList section */

/* Begin XCRemoteSwiftPackageReference section */
		D71085812D4A7AC200F1E1CF /* XCRemoteSwiftPackageReference "ZipFoundation" */ = {
			isa = XCRemoteSwiftPackageReference;
			repositoryURL = "https://github.com/weichsel/ZipFoundation";
			requirement = {
				kind = exactVersion;
				version = 0.9.19;
			};
		};
		D7D092032DB1687F004D5D07 /* XCRemoteSwiftPackageReference "SafariConverterLib" */ = {
			isa = XCRemoteSwiftPackageReference;
			repositoryURL = "https://github.com/AdguardTeam/SafariConverterLib";
			requirement = {
				kind = exactVersion;
				version = 3.0.0;
			};
		};
/* End XCRemoteSwiftPackageReference section */

/* Begin XCSwiftPackageProductDependency section */
		D70B16D92D08D29A000A827C /* ContentBlockerConverter */ = {
			isa = XCSwiftPackageProductDependency;
			productName = ContentBlockerConverter;
		};
		D71085822D4A7AC200F1E1CF /* ZIPFoundation */ = {
			isa = XCSwiftPackageProductDependency;
			package = D71085812D4A7AC200F1E1CF /* XCRemoteSwiftPackageReference "ZipFoundation" */;
			productName = ZIPFoundation;
		};
		D7D092042DB1687F004D5D07 /* ContentBlockerConverter */ = {
			isa = XCSwiftPackageProductDependency;
			package = D7D092032DB1687F004D5D07 /* XCRemoteSwiftPackageReference "SafariConverterLib" */;
			productName = ContentBlockerConverter;
		};
/* End XCSwiftPackageProductDependency section */
	};
	rootObject = D768F59F2D084B7F007F39D5 /* Project object */;
}
